// !$*UTF8*$!
{
	archiveVersion = 1;
	classes = {
	};
	objectVersion = 50;
	objects = {

/* Begin PBXBuildFile section */
		1FE3E889218983F800A2F52D /* main.cpp in Sources */ = {isa = PBXBuildFile; fileRef = 1FE3E888218983F800A2F52D /* main.cpp */; };
		1FE3E8B22189896400A2F52D /* Robot.cpp in Sources */ = {isa = PBXBuildFile; fileRef = 1FE3E8B02189896400A2F52D /* Robot.cpp */; };
		1FE3E8E521899E6600A2F52D /* Thread.cpp in Sources */ = {isa = PBXBuildFile; fileRef = 1FE3E8B721899E6600A2F52D /* Thread.cpp */; };
		1FE3E8E621899E6600A2F52D /* RunLoop.cpp in Sources */ = {isa = PBXBuildFile; fileRef = 1FE3E8B921899E6600A2F52D /* RunLoop.cpp */; };
		1FE3E8E721899E6600A2F52D /* NetPacket.cpp in Sources */ = {isa = PBXBuildFile; fileRef = 1FE3E8C021899E6600A2F52D /* NetPacket.cpp */; };
		1FE3E8E821899E6600A2F52D /* ParseProto.cpp in Sources */ = {isa = PBXBuildFile; fileRef = 1FE3E8C221899E6600A2F52D /* ParseProto.cpp */; };
		1FE3E8E921899E6600A2F52D /* TCPListener.cpp in Sources */ = {isa = PBXBuildFile; fileRef = 1FE3E8C421899E6600A2F52D /* TCPListener.cpp */; };
		1FE3E8EA21899E6600A2F52D /* DataBuffer.cpp in Sources */ = {isa = PBXBuildFile; fileRef = 1FE3E8CA21899E6600A2F52D /* DataBuffer.cpp */; };
		1FE3E8EB21899E6600A2F52D /* TCPClient.cpp in Sources */ = {isa = PBXBuildFile; fileRef = 1FE3E8CD21899E6600A2F52D /* TCPClient.cpp */; };
		1FE3E8EC21899E6600A2F52D /* Queue.cpp in Sources */ = {isa = PBXBuildFile; fileRef = 1FE3E8CF21899E6600A2F52D /* Queue.cpp */; };
		1FE3E8ED21899E6600A2F52D /* TCPServer.cpp in Sources */ = {isa = PBXBuildFile; fileRef = 1FE3E8D021899E6600A2F52D /* TCPServer.cpp */; };
		1FE3E8EE21899E6600A2F52D /* Conv.cpp in Sources */ = {isa = PBXBuildFile; fileRef = 1FE3E8D121899E6600A2F52D /* Conv.cpp */; };
		1FE3E8EF21899E6600A2F52D /* TCPSession.cpp in Sources */ = {isa = PBXBuildFile; fileRef = 1FE3E8D321899E6600A2F52D /* TCPSession.cpp */; };
		1FE3E8F021899E6600A2F52D /* TCPAcceptor.cpp in Sources */ = {isa = PBXBuildFile; fileRef = 1FE3E8D521899E6600A2F52D /* TCPAcceptor.cpp */; };
		1FE3E8F121899E6600A2F52D /* DataHandler.cpp in Sources */ = {isa = PBXBuildFile; fileRef = 1FE3E8D821899E6600A2F52D /* DataHandler.cpp */; };
		1FE3E8F221899E6600A2F52D /* TCPSessionManager.cpp in Sources */ = {isa = PBXBuildFile; fileRef = 1FE3E8DA21899E6600A2F52D /* TCPSessionManager.cpp */; };
		1FE3E8F321899E6600A2F52D /* Logging.cpp in Sources */ = {isa = PBXBuildFile; fileRef = 1FE3E8DD21899E6600A2F52D /* Logging.cpp */; };
		1FE3E8F421899E6600A2F52D /* Timestamp.cpp in Sources */ = {isa = PBXBuildFile; fileRef = 1FE3E8DE21899E6600A2F52D /* Timestamp.cpp */; };
		1FE3E8F521899E6600A2F52D /* TCPConnector.cpp in Sources */ = {isa = PBXBuildFile; fileRef = 1FE3E8E021899E6600A2F52D /* TCPConnector.cpp */; };
		1FE3E8F621899E6600A2F52D /* FASIOType.cpp in Sources */ = {isa = PBXBuildFile; fileRef = 1FE3E8E421899E6600A2F52D /* FASIOType.cpp */; };
		81994CEE21907DE40034623E /* libprotobuf.a in Frameworks */ = {isa = PBXBuildFile; fileRef = 81994CED21907DE40034623E /* libprotobuf.a */; };
		81994CF121907E010034623E /* CPGClient.pb.cc in Sources */ = {isa = PBXBuildFile; fileRef = 81994CF021907E000034623E /* CPGClient.pb.cc */; };
		81994CF4219080470034623E /* RobotSession.cpp in Sources */ = {isa = PBXBuildFile; fileRef = 81994CF2219080470034623E /* RobotSession.cpp */; };
		81994CF7219081470034623E /* RobotManager.cpp in Sources */ = {isa = PBXBuildFile; fileRef = 81994CF5219081470034623E /* RobotManager.cpp */; };
		81994CFA219081B00034623E /* RobotSessionManager.cpp in Sources */ = {isa = PBXBuildFile; fileRef = 81994CF8219081AF0034623E /* RobotSessionManager.cpp */; };
/* End PBXBuildFile section */

/* Begin PBXCopyFilesBuildPhase section */
		1FE3E883218983F800A2F52D /* CopyFiles */ = {
			isa = PBXCopyFilesBuildPhase;
			buildActionMask = 2147483647;
			dstPath = /usr/share/man/man1/;
			dstSubfolderSpec = 0;
			files = (
			);
			runOnlyForDeploymentPostprocessing = 1;
		};
/* End PBXCopyFilesBuildPhase section */

/* Begin PBXFileReference section */
		1FE3E885218983F800A2F52D /* ClientRobots */ = {isa = PBXFileReference; explicitFileType = "compiled.mach-o.executable"; includeInIndex = 0; path = ClientRobots; sourceTree = BUILT_PRODUCTS_DIR; };
		1FE3E888218983F800A2F52D /* main.cpp */ = {isa = PBXFileReference; lastKnownFileType = sourcecode.cpp.cpp; path = main.cpp; sourceTree = "<group>"; };
		1FE3E8B02189896400A2F52D /* Robot.cpp */ = {isa = PBXFileReference; lastKnownFileType = sourcecode.cpp.cpp; path = Robot.cpp; sourceTree = "<group>"; };
		1FE3E8B12189896400A2F52D /* Robot.hpp */ = {isa = PBXFileReference; lastKnownFileType = sourcecode.cpp.h; path = Robot.hpp; sourceTree = "<group>"; };
		1FE3E8B721899E6600A2F52D /* Thread.cpp */ = {isa = PBXFileReference; fileEncoding = 4; lastKnownFileType = sourcecode.cpp.cpp; path = Thread.cpp; sourceTree = "<group>"; };
		1FE3E8B821899E6600A2F52D /* DataHandler.hpp */ = {isa = PBXFileReference; fileEncoding = 4; lastKnownFileType = sourcecode.cpp.h; path = DataHandler.hpp; sourceTree = "<group>"; };
		1FE3E8B921899E6600A2F52D /* RunLoop.cpp */ = {isa = PBXFileReference; fileEncoding = 4; lastKnownFileType = sourcecode.cpp.cpp; path = RunLoop.cpp; sourceTree = "<group>"; };
		1FE3E8BA21899E6600A2F52D /* NetSessionManager.hpp */ = {isa = PBXFileReference; fileEncoding = 4; lastKnownFileType = sourcecode.cpp.h; path = NetSessionManager.hpp; sourceTree = "<group>"; };
		1FE3E8BB21899E6600A2F52D /* TCPConnector.hpp */ = {isa = PBXFileReference; fileEncoding = 4; lastKnownFileType = sourcecode.cpp.h; path = TCPConnector.hpp; sourceTree = "<group>"; };
		1FE3E8BC21899E6600A2F52D /* TCPSessionManager.hpp */ = {isa = PBXFileReference; fileEncoding = 4; lastKnownFileType = sourcecode.cpp.h; path = TCPSessionManager.hpp; sourceTree = "<group>"; };
		1FE3E8BD21899E6600A2F52D /* Header.h */ = {isa = PBXFileReference; fileEncoding = 4; lastKnownFileType = sourcecode.c.h; path = Header.h; sourceTree = "<group>"; };
		1FE3E8BF21899E6600A2F52D /* ParseProto.hpp */ = {isa = PBXFileReference; fileEncoding = 4; lastKnownFileType = sourcecode.cpp.h; path = ParseProto.hpp; sourceTree = "<group>"; };
		1FE3E8C021899E6600A2F52D /* NetPacket.cpp */ = {isa = PBXFileReference; fileEncoding = 4; lastKnownFileType = sourcecode.cpp.cpp; path = NetPacket.cpp; sourceTree = "<group>"; };
		1FE3E8C121899E6600A2F52D /* NetPacket.hpp */ = {isa = PBXFileReference; fileEncoding = 4; lastKnownFileType = sourcecode.cpp.h; path = NetPacket.hpp; sourceTree = "<group>"; };
		1FE3E8C221899E6600A2F52D /* ParseProto.cpp */ = {isa = PBXFileReference; fileEncoding = 4; lastKnownFileType = sourcecode.cpp.cpp; path = ParseProto.cpp; sourceTree = "<group>"; };
		1FE3E8C321899E6600A2F52D /* Callbacks.h */ = {isa = PBXFileReference; fileEncoding = 4; lastKnownFileType = sourcecode.c.h; path = Callbacks.h; sourceTree = "<group>"; };
		1FE3E8C421899E6600A2F52D /* TCPListener.cpp */ = {isa = PBXFileReference; fileEncoding = 4; lastKnownFileType = sourcecode.cpp.cpp; path = TCPListener.cpp; sourceTree = "<group>"; };
		1FE3E8C521899E6600A2F52D /* Queue.hpp */ = {isa = PBXFileReference; fileEncoding = 4; lastKnownFileType = sourcecode.cpp.h; path = Queue.hpp; sourceTree = "<group>"; };
		1FE3E8C621899E6600A2F52D /* NetBase.hpp */ = {isa = PBXFileReference; fileEncoding = 4; lastKnownFileType = sourcecode.cpp.h; path = NetBase.hpp; sourceTree = "<group>"; };
		1FE3E8C721899E6600A2F52D /* TCPServer.hpp */ = {isa = PBXFileReference; fileEncoding = 4; lastKnownFileType = sourcecode.cpp.h; path = TCPServer.hpp; sourceTree = "<group>"; };
		1FE3E8C821899E6600A2F52D /* TCPListener.h */ = {isa = PBXFileReference; fileEncoding = 4; lastKnownFileType = sourcecode.c.h; path = TCPListener.h; sourceTree = "<group>"; };
		1FE3E8C921899E6600A2F52D /* Conv.hpp */ = {isa = PBXFileReference; fileEncoding = 4; lastKnownFileType = sourcecode.cpp.h; path = Conv.hpp; sourceTree = "<group>"; };
		1FE3E8CA21899E6600A2F52D /* DataBuffer.cpp */ = {isa = PBXFileReference; fileEncoding = 4; lastKnownFileType = sourcecode.cpp.cpp; path = DataBuffer.cpp; sourceTree = "<group>"; };
		1FE3E8CB21899E6600A2F52D /* TCPAcceptor.hpp */ = {isa = PBXFileReference; fileEncoding = 4; lastKnownFileType = sourcecode.cpp.h; path = TCPAcceptor.hpp; sourceTree = "<group>"; };
		1FE3E8CC21899E6600A2F52D /* TCPSession.hpp */ = {isa = PBXFileReference; fileEncoding = 4; lastKnownFileType = sourcecode.cpp.h; path = TCPSession.hpp; sourceTree = "<group>"; };
		1FE3E8CD21899E6600A2F52D /* TCPClient.cpp */ = {isa = PBXFileReference; fileEncoding = 4; lastKnownFileType = sourcecode.cpp.cpp; path = TCPClient.cpp; sourceTree = "<group>"; };
		1FE3E8CE21899E6600A2F52D /* noncopyable.h */ = {isa = PBXFileReference; fileEncoding = 4; lastKnownFileType = sourcecode.c.h; path = noncopyable.h; sourceTree = "<group>"; };
		1FE3E8CF21899E6600A2F52D /* Queue.cpp */ = {isa = PBXFileReference; fileEncoding = 4; lastKnownFileType = sourcecode.cpp.cpp; path = Queue.cpp; sourceTree = "<group>"; };
		1FE3E8D021899E6600A2F52D /* TCPServer.cpp */ = {isa = PBXFileReference; fileEncoding = 4; lastKnownFileType = sourcecode.cpp.cpp; path = TCPServer.cpp; sourceTree = "<group>"; };
		1FE3E8D121899E6600A2F52D /* Conv.cpp */ = {isa = PBXFileReference; fileEncoding = 4; lastKnownFileType = sourcecode.cpp.cpp; path = Conv.cpp; sourceTree = "<group>"; };
		1FE3E8D221899E6600A2F52D /* DataBuffer.hpp */ = {isa = PBXFileReference; fileEncoding = 4; lastKnownFileType = sourcecode.cpp.h; path = DataBuffer.hpp; sourceTree = "<group>"; };
		1FE3E8D321899E6600A2F52D /* TCPSession.cpp */ = {isa = PBXFileReference; fileEncoding = 4; lastKnownFileType = sourcecode.cpp.cpp; path = TCPSession.cpp; sourceTree = "<group>"; };
		1FE3E8D421899E6600A2F52D /* TCPSessionFactory.h */ = {isa = PBXFileReference; fileEncoding = 4; lastKnownFileType = sourcecode.c.h; path = TCPSessionFactory.h; sourceTree = "<group>"; };
		1FE3E8D521899E6600A2F52D /* TCPAcceptor.cpp */ = {isa = PBXFileReference; fileEncoding = 4; lastKnownFileType = sourcecode.cpp.cpp; path = TCPAcceptor.cpp; sourceTree = "<group>"; };
		1FE3E8D621899E6600A2F52D /* TCPClient.hpp */ = {isa = PBXFileReference; fileEncoding = 4; lastKnownFileType = sourcecode.cpp.h; path = TCPClient.hpp; sourceTree = "<group>"; };
		1FE3E8D721899E6600A2F52D /* Thread.hpp */ = {isa = PBXFileReference; fileEncoding = 4; lastKnownFileType = sourcecode.cpp.h; path = Thread.hpp; sourceTree = "<group>"; };
		1FE3E8D821899E6600A2F52D /* DataHandler.cpp */ = {isa = PBXFileReference; fileEncoding = 4; lastKnownFileType = sourcecode.cpp.cpp; path = DataHandler.cpp; sourceTree = "<group>"; };
		1FE3E8D921899E6600A2F52D /* RunLoop.hpp */ = {isa = PBXFileReference; fileEncoding = 4; lastKnownFileType = sourcecode.cpp.h; path = RunLoop.hpp; sourceTree = "<group>"; };
		1FE3E8DA21899E6600A2F52D /* TCPSessionManager.cpp */ = {isa = PBXFileReference; fileEncoding = 4; lastKnownFileType = sourcecode.cpp.cpp; path = TCPSessionManager.cpp; sourceTree = "<group>"; };
		1FE3E8DC21899E6600A2F52D /* Timestamp.hpp */ = {isa = PBXFileReference; fileEncoding = 4; lastKnownFileType = sourcecode.cpp.h; path = Timestamp.hpp; sourceTree = "<group>"; };
		1FE3E8DD21899E6600A2F52D /* Logging.cpp */ = {isa = PBXFileReference; fileEncoding = 4; lastKnownFileType = sourcecode.cpp.cpp; path = Logging.cpp; sourceTree = "<group>"; };
		1FE3E8DE21899E6600A2F52D /* Timestamp.cpp */ = {isa = PBXFileReference; fileEncoding = 4; lastKnownFileType = sourcecode.cpp.cpp; path = Timestamp.cpp; sourceTree = "<group>"; };
		1FE3E8DF21899E6600A2F52D /* Logging.hpp */ = {isa = PBXFileReference; fileEncoding = 4; lastKnownFileType = sourcecode.cpp.h; path = Logging.hpp; sourceTree = "<group>"; };
		1FE3E8E021899E6600A2F52D /* TCPConnector.cpp */ = {isa = PBXFileReference; fileEncoding = 4; lastKnownFileType = sourcecode.cpp.cpp; path = TCPConnector.cpp; sourceTree = "<group>"; };
		1FE3E8E221899E6600A2F52D /* NetBase.h */ = {isa = PBXFileReference; fileEncoding = 4; lastKnownFileType = sourcecode.c.h; path = NetBase.h; sourceTree = "<group>"; };
		1FE3E8E321899E6600A2F52D /* FASIOType.h */ = {isa = PBXFileReference; fileEncoding = 4; lastKnownFileType = sourcecode.c.h; path = FASIOType.h; sourceTree = "<group>"; };
		1FE3E8E421899E6600A2F52D /* FASIOType.cpp */ = {isa = PBXFileReference; fileEncoding = 4; lastKnownFileType = sourcecode.cpp.cpp; path = FASIOType.cpp; sourceTree = "<group>"; };
		81994CE221907AF30034623E /* CPGHeader.h */ = {isa = PBXFileReference; fileEncoding = 4; lastKnownFileType = sourcecode.c.h; path = CPGHeader.h; sourceTree = "<group>"; };
		81994CE721907AF30034623E /* CPGServerDefine.h */ = {isa = PBXFileReference; fileEncoding = 4; lastKnownFileType = sourcecode.c.h; path = CPGServerDefine.h; sourceTree = "<group>"; };
		81994CED21907DE40034623E /* libprotobuf.a */ = {isa = PBXFileReference; lastKnownFileType = archive.ar; name = libprotobuf.a; path = ../../../../../../usr/local/lib/libprotobuf.a; sourceTree = "<group>"; };
		81994CEF21907E000034623E /* CPGClient.pb.h */ = {isa = PBXFileReference; fileEncoding = 4; lastKnownFileType = sourcecode.c.h; path = CPGClient.pb.h; sourceTree = "<group>"; };
		81994CF021907E000034623E /* CPGClient.pb.cc */ = {isa = PBXFileReference; fileEncoding = 4; lastKnownFileType = sourcecode.cpp.cpp; path = CPGClient.pb.cc; sourceTree = "<group>"; };
		81994CF2219080470034623E /* RobotSession.cpp */ = {isa = PBXFileReference; lastKnownFileType = sourcecode.cpp.cpp; path = RobotSession.cpp; sourceTree = "<group>"; };
		81994CF3219080470034623E /* RobotSession.hpp */ = {isa = PBXFileReference; lastKnownFileType = sourcecode.cpp.h; path = RobotSession.hpp; sourceTree = "<group>"; };
		81994CF5219081470034623E /* RobotManager.cpp */ = {isa = PBXFileReference; lastKnownFileType = sourcecode.cpp.cpp; path = RobotManager.cpp; sourceTree = "<group>"; };
		81994CF6219081470034623E /* RobotManager.hpp */ = {isa = PBXFileReference; lastKnownFileType = sourcecode.cpp.h; path = RobotManager.hpp; sourceTree = "<group>"; };
		81994CF8219081AF0034623E /* RobotSessionManager.cpp */ = {isa = PBXFileReference; lastKnownFileType = sourcecode.cpp.cpp; path = RobotSessionManager.cpp; sourceTree = "<group>"; };
		81994CF9219081AF0034623E /* RobotSessionManager.hpp */ = {isa = PBXFileReference; lastKnownFileType = sourcecode.cpp.h; path = RobotSessionManager.hpp; sourceTree = "<group>"; };
/* End PBXFileReference section */

/* Begin PBXFrameworksBuildPhase section */
		1FE3E882218983F800A2F52D /* Frameworks */ = {
			isa = PBXFrameworksBuildPhase;
			buildActionMask = 2147483647;
			files = (
				81994CEE21907DE40034623E /* libprotobuf.a in Frameworks */,
			);
			runOnlyForDeploymentPostprocessing = 0;
		};
/* End PBXFrameworksBuildPhase section */

/* Begin PBXGroup section */
		1FE3E87C218983F800A2F52D = {
			isa = PBXGroup;
			children = (
				1FE3E887218983F800A2F52D /* ClientRobots */,
				1FE3E886218983F800A2F52D /* Products */,
				1FE3E8AE2189859800A2F52D /* Frameworks */,
			);
			sourceTree = "<group>";
		};
		1FE3E886218983F800A2F52D /* Products */ = {
			isa = PBXGroup;
			children = (
				1FE3E885218983F800A2F52D /* ClientRobots */,
			);
			name = Products;
			sourceTree = "<group>";
		};
		1FE3E887218983F800A2F52D /* ClientRobots */ = {
			isa = PBXGroup;
			children = (
				81994CDD21907AF30034623E /* CPG */,
				1FE3E8B621899E6600A2F52D /* Net */,
				1FE3E888218983F800A2F52D /* main.cpp */,
				1FE3E8B02189896400A2F52D /* Robot.cpp */,
				1FE3E8B12189896400A2F52D /* Robot.hpp */,
				81994CF2219080470034623E /* RobotSession.cpp */,
				81994CF3219080470034623E /* RobotSession.hpp */,
				81994CF8219081AF0034623E /* RobotSessionManager.cpp */,
				81994CF9219081AF0034623E /* RobotSessionManager.hpp */,
				81994CF5219081470034623E /* RobotManager.cpp */,
				81994CF6219081470034623E /* RobotManager.hpp */,
			);
			path = ClientRobots;
			sourceTree = "<group>";
		};
		1FE3E8AE2189859800A2F52D /* Frameworks */ = {
			isa = PBXGroup;
			children = (
				81994CED21907DE40034623E /* libprotobuf.a */,
			);
			name = Frameworks;
			sourceTree = "<group>";
		};
		1FE3E8B621899E6600A2F52D /* Net */ = {
			isa = PBXGroup;
			children = (
				1FE3E8B721899E6600A2F52D /* Thread.cpp */,
				1FE3E8B821899E6600A2F52D /* DataHandler.hpp */,
				1FE3E8B921899E6600A2F52D /* RunLoop.cpp */,
				1FE3E8BA21899E6600A2F52D /* NetSessionManager.hpp */,
				1FE3E8BB21899E6600A2F52D /* TCPConnector.hpp */,
				1FE3E8BC21899E6600A2F52D /* TCPSessionManager.hpp */,
				1FE3E8BD21899E6600A2F52D /* Header.h */,
				1FE3E8BE21899E6600A2F52D /* Util */,
				1FE3E8C321899E6600A2F52D /* Callbacks.h */,
				1FE3E8C421899E6600A2F52D /* TCPListener.cpp */,
				1FE3E8C521899E6600A2F52D /* Queue.hpp */,
				1FE3E8C621899E6600A2F52D /* NetBase.hpp */,
				1FE3E8C721899E6600A2F52D /* TCPServer.hpp */,
				1FE3E8C821899E6600A2F52D /* TCPListener.h */,
				1FE3E8C921899E6600A2F52D /* Conv.hpp */,
				1FE3E8CA21899E6600A2F52D /* DataBuffer.cpp */,
				1FE3E8CB21899E6600A2F52D /* TCPAcceptor.hpp */,
				1FE3E8CC21899E6600A2F52D /* TCPSession.hpp */,
				1FE3E8CD21899E6600A2F52D /* TCPClient.cpp */,
				1FE3E8CE21899E6600A2F52D /* noncopyable.h */,
				1FE3E8CF21899E6600A2F52D /* Queue.cpp */,
				1FE3E8D021899E6600A2F52D /* TCPServer.cpp */,
				1FE3E8D121899E6600A2F52D /* Conv.cpp */,
				1FE3E8D221899E6600A2F52D /* DataBuffer.hpp */,
				1FE3E8D321899E6600A2F52D /* TCPSession.cpp */,
				1FE3E8D421899E6600A2F52D /* TCPSessionFactory.h */,
				1FE3E8D521899E6600A2F52D /* TCPAcceptor.cpp */,
				1FE3E8D621899E6600A2F52D /* TCPClient.hpp */,
				1FE3E8D721899E6600A2F52D /* Thread.hpp */,
				1FE3E8D821899E6600A2F52D /* DataHandler.cpp */,
				1FE3E8D921899E6600A2F52D /* RunLoop.hpp */,
				1FE3E8DA21899E6600A2F52D /* TCPSessionManager.cpp */,
				1FE3E8DB21899E6600A2F52D /* logging */,
				1FE3E8E021899E6600A2F52D /* TCPConnector.cpp */,
				1FE3E8E121899E6600A2F52D /* base */,
			);
			name = Net;
			path = ../../ASIO_ALONE_STUDY/Net;
			sourceTree = "<group>";
		};
		1FE3E8BE21899E6600A2F52D /* Util */ = {
			isa = PBXGroup;
			children = (
				1FE3E8BF21899E6600A2F52D /* ParseProto.hpp */,
				1FE3E8C021899E6600A2F52D /* NetPacket.cpp */,
				1FE3E8C121899E6600A2F52D /* NetPacket.hpp */,
				1FE3E8C221899E6600A2F52D /* ParseProto.cpp */,
			);
			path = Util;
			sourceTree = "<group>";
		};
		1FE3E8DB21899E6600A2F52D /* logging */ = {
			isa = PBXGroup;
			children = (
				1FE3E8DC21899E6600A2F52D /* Timestamp.hpp */,
				1FE3E8DD21899E6600A2F52D /* Logging.cpp */,
				1FE3E8DE21899E6600A2F52D /* Timestamp.cpp */,
				1FE3E8DF21899E6600A2F52D /* Logging.hpp */,
			);
			path = logging;
			sourceTree = "<group>";
		};
		1FE3E8E121899E6600A2F52D /* base */ = {
			isa = PBXGroup;
			children = (
				1FE3E8E221899E6600A2F52D /* NetBase.h */,
				1FE3E8E321899E6600A2F52D /* FASIOType.h */,
				1FE3E8E421899E6600A2F52D /* FASIOType.cpp */,
			);
			path = base;
			sourceTree = "<group>";
		};
		81994CDD21907AF30034623E /* CPG */ = {
			isa = PBXGroup;
			children = (
				81994CF021907E000034623E /* CPGClient.pb.cc */,
				81994CEF21907E000034623E /* CPGClient.pb.h */,
				81994CE221907AF30034623E /* CPGHeader.h */,
				81994CE721907AF30034623E /* CPGServerDefine.h */,
			);
			name = CPG;
			path = ../../ASIO_ALONE_STUDY/CPG;
			sourceTree = "<group>";
		};
/* End PBXGroup section */

/* Begin PBXNativeTarget section */
		1FE3E884218983F800A2F52D /* ClientRobots */ = {
			isa = PBXNativeTarget;
			buildConfigurationList = 1FE3E88C218983F800A2F52D /* Build configuration list for PBXNativeTarget "ClientRobots" */;
			buildPhases = (
				1FE3E881218983F800A2F52D /* Sources */,
				1FE3E882218983F800A2F52D /* Frameworks */,
				1FE3E883218983F800A2F52D /* CopyFiles */,
			);
			buildRules = (
			);
			dependencies = (
			);
			name = ClientRobots;
			productName = ClientRobots;
			productReference = 1FE3E885218983F800A2F52D /* ClientRobots */;
			productType = "com.apple.product-type.tool";
		};
/* End PBXNativeTarget section */

/* Begin PBXProject section */
		1FE3E87D218983F800A2F52D /* Project object */ = {
			isa = PBXProject;
			attributes = {
				LastUpgradeCheck = 0940;
				ORGANIZATIONNAME = fgr;
				TargetAttributes = {
					1FE3E884218983F800A2F52D = {
						CreatedOnToolsVersion = 9.4;
					};
				};
			};
			buildConfigurationList = 1FE3E880218983F800A2F52D /* Build configuration list for PBXProject "ClientRobots" */;
			compatibilityVersion = "Xcode 9.3";
			developmentRegion = en;
			hasScannedForEncodings = 0;
			knownRegions = (
				en,
			);
			mainGroup = 1FE3E87C218983F800A2F52D;
			productRefGroup = 1FE3E886218983F800A2F52D /* Products */;
			projectDirPath = "";
			projectRoot = "";
			targets = (
				1FE3E884218983F800A2F52D /* ClientRobots */,
			);
		};
/* End PBXProject section */

/* Begin PBXSourcesBuildPhase section */
		1FE3E881218983F800A2F52D /* Sources */ = {
			isa = PBXSourcesBuildPhase;
			buildActionMask = 2147483647;
			files = (
				1FE3E8EF21899E6600A2F52D /* TCPSession.cpp in Sources */,
				1FE3E8B22189896400A2F52D /* Robot.cpp in Sources */,
				1FE3E8E721899E6600A2F52D /* NetPacket.cpp in Sources */,
				1FE3E8ED21899E6600A2F52D /* TCPServer.cpp in Sources */,
				1FE3E8F521899E6600A2F52D /* TCPConnector.cpp in Sources */,
				1FE3E8EE21899E6600A2F52D /* Conv.cpp in Sources */,
				1FE3E8E821899E6600A2F52D /* ParseProto.cpp in Sources */,
				81994CF4219080470034623E /* RobotSession.cpp in Sources */,
				1FE3E8EC21899E6600A2F52D /* Queue.cpp in Sources */,
				1FE3E8EA21899E6600A2F52D /* DataBuffer.cpp in Sources */,
				1FE3E889218983F800A2F52D /* main.cpp in Sources */,
				1FE3E8E521899E6600A2F52D /* Thread.cpp in Sources */,
				1FE3E8EB21899E6600A2F52D /* TCPClient.cpp in Sources */,
				81994CFA219081B00034623E /* RobotSessionManager.cpp in Sources */,
				1FE3E8E921899E6600A2F52D /* TCPListener.cpp in Sources */,
				1FE3E8F221899E6600A2F52D /* TCPSessionManager.cpp in Sources */,
				1FE3E8F021899E6600A2F52D /* TCPAcceptor.cpp in Sources */,
				1FE3E8F421899E6600A2F52D /* Timestamp.cpp in Sources */,
				1FE3E8F321899E6600A2F52D /* Logging.cpp in Sources */,
				81994CF121907E010034623E /* CPGClient.pb.cc in Sources */,
				1FE3E8E621899E6600A2F52D /* RunLoop.cpp in Sources */,
				1FE3E8F621899E6600A2F52D /* FASIOType.cpp in Sources */,
				1FE3E8F121899E6600A2F52D /* DataHandler.cpp in Sources */,
				81994CF7219081470034623E /* RobotManager.cpp in Sources */,
			);
			runOnlyForDeploymentPostprocessing = 0;
		};
/* End PBXSourcesBuildPhase section */

/* Begin XCBuildConfiguration section */
		1FE3E88A218983F800A2F52D /* Debug */ = {
			isa = XCBuildConfiguration;
			buildSettings = {
				ALWAYS_SEARCH_USER_PATHS = NO;
				CLANG_ANALYZER_NONNULL = YES;
				CLANG_ANALYZER_NUMBER_OBJECT_CONVERSION = YES_AGGRESSIVE;
				CLANG_CXX_LANGUAGE_STANDARD = "gnu++14";
				CLANG_CXX_LIBRARY = "libc++";
				CLANG_ENABLE_MODULES = YES;
				CLANG_ENABLE_OBJC_ARC = YES;
				CLANG_ENABLE_OBJC_WEAK = YES;
				CLANG_WARN_BLOCK_CAPTURE_AUTORELEASING = YES;
				CLANG_WARN_BOOL_CONVERSION = YES;
				CLANG_WARN_COMMA = YES;
				CLANG_WARN_CONSTANT_CONVERSION = YES;
				CLANG_WARN_DEPRECATED_OBJC_IMPLEMENTATIONS = YES;
				CLANG_WARN_DIRECT_OBJC_ISA_USAGE = YES_ERROR;
				CLANG_WARN_DOCUMENTATION_COMMENTS = YES;
				CLANG_WARN_EMPTY_BODY = YES;
				CLANG_WARN_ENUM_CONVERSION = YES;
				CLANG_WARN_INFINITE_RECURSION = YES;
				CLANG_WARN_INT_CONVERSION = YES;
				CLANG_WARN_NON_LITERAL_NULL_CONVERSION = YES;
				CLANG_WARN_OBJC_IMPLICIT_RETAIN_SELF = YES;
				CLANG_WARN_OBJC_LITERAL_CONVERSION = YES;
				CLANG_WARN_OBJC_ROOT_CLASS = YES_ERROR;
				CLANG_WARN_RANGE_LOOP_ANALYSIS = YES;
				CLANG_WARN_STRICT_PROTOTYPES = YES;
				CLANG_WARN_SUSPICIOUS_MOVE = YES;
				CLANG_WARN_UNGUARDED_AVAILABILITY = YES_AGGRESSIVE;
				CLANG_WARN_UNREACHABLE_CODE = YES;
				CLANG_WARN__DUPLICATE_METHOD_MATCH = YES;
				CODE_SIGN_IDENTITY = "-";
				COPY_PHASE_STRIP = NO;
				DEBUG_INFORMATION_FORMAT = dwarf;
				ENABLE_STRICT_OBJC_MSGSEND = YES;
				ENABLE_TESTABILITY = YES;
				GCC_C_LANGUAGE_STANDARD = gnu11;
				GCC_DYNAMIC_NO_PIC = NO;
				GCC_NO_COMMON_BLOCKS = YES;
				GCC_OPTIMIZATION_LEVEL = 0;
				GCC_PREPROCESSOR_DEFINITIONS = (
					"DEBUG=1",
					"$(inherited)",
				);
				GCC_WARN_64_TO_32_BIT_CONVERSION = YES;
				GCC_WARN_ABOUT_RETURN_TYPE = YES_ERROR;
				GCC_WARN_UNDECLARED_SELECTOR = YES;
				GCC_WARN_UNINITIALIZED_AUTOS = YES_AGGRESSIVE;
				GCC_WARN_UNUSED_FUNCTION = YES;
				GCC_WARN_UNUSED_VARIABLE = YES;
				MACOSX_DEPLOYMENT_TARGET = 10.13;
				MTL_ENABLE_DEBUG_INFO = YES;
				ONLY_ACTIVE_ARCH = YES;
				SDKROOT = macosx;
			};
			name = Debug;
		};
		1FE3E88B218983F800A2F52D /* Release */ = {
			isa = XCBuildConfiguration;
			buildSettings = {
				ALWAYS_SEARCH_USER_PATHS = NO;
				CLANG_ANALYZER_NONNULL = YES;
				CLANG_ANALYZER_NUMBER_OBJECT_CONVERSION = YES_AGGRESSIVE;
				CLANG_CXX_LANGUAGE_STANDARD = "gnu++14";
				CLANG_CXX_LIBRARY = "libc++";
				CLANG_ENABLE_MODULES = YES;
				CLANG_ENABLE_OBJC_ARC = YES;
				CLANG_ENABLE_OBJC_WEAK = YES;
				CLANG_WARN_BLOCK_CAPTURE_AUTORELEASING = YES;
				CLANG_WARN_BOOL_CONVERSION = YES;
				CLANG_WARN_COMMA = YES;
				CLANG_WARN_CONSTANT_CONVERSION = YES;
				CLANG_WARN_DEPRECATED_OBJC_IMPLEMENTATIONS = YES;
				CLANG_WARN_DIRECT_OBJC_ISA_USAGE = YES_ERROR;
				CLANG_WARN_DOCUMENTATION_COMMENTS = YES;
				CLANG_WARN_EMPTY_BODY = YES;
				CLANG_WARN_ENUM_CONVERSION = YES;
				CLANG_WARN_INFINITE_RECURSION = YES;
				CLANG_WARN_INT_CONVERSION = YES;
				CLANG_WARN_NON_LITERAL_NULL_CONVERSION = YES;
				CLANG_WARN_OBJC_IMPLICIT_RETAIN_SELF = YES;
				CLANG_WARN_OBJC_LITERAL_CONVERSION = YES;
				CLANG_WARN_OBJC_ROOT_CLASS = YES_ERROR;
				CLANG_WARN_RANGE_LOOP_ANALYSIS = YES;
				CLANG_WARN_STRICT_PROTOTYPES = YES;
				CLANG_WARN_SUSPICIOUS_MOVE = YES;
				CLANG_WARN_UNGUARDED_AVAILABILITY = YES_AGGRESSIVE;
				CLANG_WARN_UNREACHABLE_CODE = YES;
				CLANG_WARN__DUPLICATE_METHOD_MATCH = YES;
				CODE_SIGN_IDENTITY = "-";
				COPY_PHASE_STRIP = NO;
				DEBUG_INFORMATION_FORMAT = "dwarf-with-dsym";
				ENABLE_NS_ASSERTIONS = NO;
				ENABLE_STRICT_OBJC_MSGSEND = YES;
				GCC_C_LANGUAGE_STANDARD = gnu11;
				GCC_NO_COMMON_BLOCKS = YES;
				GCC_WARN_64_TO_32_BIT_CONVERSION = YES;
				GCC_WARN_ABOUT_RETURN_TYPE = YES_ERROR;
				GCC_WARN_UNDECLARED_SELECTOR = YES;
				GCC_WARN_UNINITIALIZED_AUTOS = YES_AGGRESSIVE;
				GCC_WARN_UNUSED_FUNCTION = YES;
				GCC_WARN_UNUSED_VARIABLE = YES;
				MACOSX_DEPLOYMENT_TARGET = 10.13;
				MTL_ENABLE_DEBUG_INFO = NO;
				SDKROOT = macosx;
			};
			name = Release;
		};
		1FE3E88D218983F800A2F52D /* Debug */ = {
			isa = XCBuildConfiguration;
			buildSettings = {
				CODE_SIGN_STYLE = Automatic;
				HEADER_SEARCH_PATHS = (
					../ASIO_ALONE_STUDY,
					/usr/local/include,
				);
				LIBRARY_SEARCH_PATHS = /usr/local/lib;
				OTHER_LDFLAGS = (
					"-l",
					boost_system,
				);
				PRODUCT_NAME = "$(TARGET_NAME)";
			};
			name = Debug;
		};
		1FE3E88E218983F800A2F52D /* Release */ = {
			isa = XCBuildConfiguration;
			buildSettings = {
				CODE_SIGN_STYLE = Automatic;
				HEADER_SEARCH_PATHS = (
					../ASIO_ALONE_STUDY,
					/usr/local/include,
				);
				LIBRARY_SEARCH_PATHS = /usr/local/lib;
				OTHER_LDFLAGS = (
					"-l",
					boost_system,
				);
				PRODUCT_NAME = "$(TARGET_NAME)";
			};
			name = Release;
		};
/* End XCBuildConfiguration section */

/* Begin XCConfigurationList section */
		1FE3E880218983F800A2F52D /* Build configuration list for PBXProject "ClientRobots" */ = {
			isa = XCConfigurationList;
			buildConfigurations = (
				1FE3E88A218983F800A2F52D /* Debug */,
				1FE3E88B218983F800A2F52D /* Release */,
			);
			defaultConfigurationIsVisible = 0;
			defaultConfigurationName = Release;
		};
		1FE3E88C218983F800A2F52D /* Build configuration list for PBXNativeTarget "ClientRobots" */ = {
			isa = XCConfigurationList;
			buildConfigurations = (
				1FE3E88D218983F800A2F52D /* Debug */,
				1FE3E88E218983F800A2F52D /* Release */,
			);
			defaultConfigurationIsVisible = 0;
			defaultConfigurationName = Release;
		};
/* End XCConfigurationList section */
	};
	rootObject = 1FE3E87D218983F800A2F52D /* Project object */;
}
