// !$*UTF8*$!
{
	archiveVersion = 1;
	classes = {
	};
	objectVersion = 46;
	objects = {

/* Begin PBXBuildFile section */
		1F36541A215A15B1003B9FAD /* Logging.cpp in Sources */ = {isa = PBXBuildFile; fileRef = 1F365407215A15B1003B9FAD /* Logging.cpp */; };
		1F36541B215A15B1003B9FAD /* DataBuffer.cpp in Sources */ = {isa = PBXBuildFile; fileRef = 1F36540B215A15B1003B9FAD /* DataBuffer.cpp */; };
		1F36541C215A15B1003B9FAD /* TCPClient.cpp in Sources */ = {isa = PBXBuildFile; fileRef = 1F36540E215A15B1003B9FAD /* TCPClient.cpp */; };
		1F36541D215A15B1003B9FAD /* Queue.cpp in Sources */ = {isa = PBXBuildFile; fileRef = 1F365410215A15B1003B9FAD /* Queue.cpp */; };
		1F36541E215A15B1003B9FAD /* TCPServer.cpp in Sources */ = {isa = PBXBuildFile; fileRef = 1F365411215A15B1003B9FAD /* TCPServer.cpp */; };
		1F36541F215A15B1003B9FAD /* TCPSession.cpp in Sources */ = {isa = PBXBuildFile; fileRef = 1F365413215A15B1003B9FAD /* TCPSession.cpp */; };
		1F365420215A15B1003B9FAD /* TCPAcceptor.cpp in Sources */ = {isa = PBXBuildFile; fileRef = 1F365414215A15B1003B9FAD /* TCPAcceptor.cpp */; };
		1F365421215A15B1003B9FAD /* Timestamp.cpp in Sources */ = {isa = PBXBuildFile; fileRef = 1F365416215A15B1003B9FAD /* Timestamp.cpp */; };
		1F365422215A15B1003B9FAD /* DataHandler.cpp in Sources */ = {isa = PBXBuildFile; fileRef = 1F365417215A15B1003B9FAD /* DataHandler.cpp */; };
		1F365423215A15B1003B9FAD /* TCPConnector.cpp in Sources */ = {isa = PBXBuildFile; fileRef = 1F365418215A15B1003B9FAD /* TCPConnector.cpp */; };
		1F5B1AC12186F3F200752C8B /* ParseProto.cpp in Sources */ = {isa = PBXBuildFile; fileRef = 1F5B1ABF2186F3F200752C8B /* ParseProto.cpp */; };
		1F5B1ACF21884B4B00752C8B /* FASIOType.h in Sources */ = {isa = PBXBuildFile; fileRef = 1F5B1ACE21884B4B00752C8B /* FASIOType.h */; };
		1FE3E87821894B7100A2F52D /* NetPacket.cpp in Sources */ = {isa = PBXBuildFile; fileRef = 1FE3E87621894B7100A2F52D /* NetPacket.cpp */; };
		28C200B120CD600900A9ECC5 /* main.cpp in Sources */ = {isa = PBXBuildFile; fileRef = 28C200B020CD600900A9ECC5 /* main.cpp */; };
		8123E1FA216B9C4A0050FD4D /* Thread.cpp in Sources */ = {isa = PBXBuildFile; fileRef = 8123E1F8216B9C4A0050FD4D /* Thread.cpp */; };
		8123E1FD216CDB6B0050FD4D /* RunLoop.cpp in Sources */ = {isa = PBXBuildFile; fileRef = 8123E1FB216CDB6B0050FD4D /* RunLoop.cpp */; };
		8123E200216CDD280050FD4D /* Conv.cpp in Sources */ = {isa = PBXBuildFile; fileRef = 8123E1FE216CDD280050FD4D /* Conv.cpp */; };
		8123E22921889FC20050FD4D /* TCPListener.cpp in Sources */ = {isa = PBXBuildFile; fileRef = 8123E22321889FC20050FD4D /* TCPListener.cpp */; };
		8123E22A21889FC20050FD4D /* TCPSessionManager.cpp in Sources */ = {isa = PBXBuildFile; fileRef = 8123E22521889FC20050FD4D /* TCPSessionManager.cpp */; };
/* End PBXBuildFile section */

/* Begin PBXCopyFilesBuildPhase section */
		28C200AB20CD600900A9ECC5 /* CopyFiles */ = {
			isa = PBXCopyFilesBuildPhase;
			buildActionMask = 2147483647;
			dstPath = /usr/share/man/man1/;
			dstSubfolderSpec = 0;
			files = (
			);
			runOnlyForDeploymentPostprocessing = 1;
		};
/* End PBXCopyFilesBuildPhase section */

/* Begin PBXFileReference section */
		1F365403215A15B1003B9FAD /* Timestamp.hpp */ = {isa = PBXFileReference; fileEncoding = 4; lastKnownFileType = sourcecode.cpp.h; path = Timestamp.hpp; sourceTree = "<group>"; };
		1F365404215A15B1003B9FAD /* DataHandler.hpp */ = {isa = PBXFileReference; fileEncoding = 4; lastKnownFileType = sourcecode.cpp.h; path = DataHandler.hpp; sourceTree = "<group>"; };
		1F365405215A15B1003B9FAD /* TCPConnector.hpp */ = {isa = PBXFileReference; fileEncoding = 4; lastKnownFileType = sourcecode.cpp.h; path = TCPConnector.hpp; sourceTree = "<group>"; };
		1F365406215A15B1003B9FAD /* Header.h */ = {isa = PBXFileReference; fileEncoding = 4; lastKnownFileType = sourcecode.c.h; path = Header.h; sourceTree = "<group>"; };
		1F365407215A15B1003B9FAD /* Logging.cpp */ = {isa = PBXFileReference; fileEncoding = 4; lastKnownFileType = sourcecode.cpp.cpp; path = Logging.cpp; sourceTree = "<group>"; };
		1F365408215A15B1003B9FAD /* Callbacks.h */ = {isa = PBXFileReference; fileEncoding = 4; lastKnownFileType = sourcecode.c.h; path = Callbacks.h; sourceTree = "<group>"; };
		1F365409215A15B1003B9FAD /* Queue.hpp */ = {isa = PBXFileReference; fileEncoding = 4; lastKnownFileType = sourcecode.cpp.h; path = Queue.hpp; sourceTree = "<group>"; };
		1F36540A215A15B1003B9FAD /* TCPServer.hpp */ = {isa = PBXFileReference; fileEncoding = 4; lastKnownFileType = sourcecode.cpp.h; path = TCPServer.hpp; sourceTree = "<group>"; };
		1F36540B215A15B1003B9FAD /* DataBuffer.cpp */ = {isa = PBXFileReference; fileEncoding = 4; lastKnownFileType = sourcecode.cpp.cpp; path = DataBuffer.cpp; sourceTree = "<group>"; };
		1F36540C215A15B1003B9FAD /* TCPAcceptor.hpp */ = {isa = PBXFileReference; fileEncoding = 4; lastKnownFileType = sourcecode.cpp.h; path = TCPAcceptor.hpp; sourceTree = "<group>"; };
		1F36540D215A15B1003B9FAD /* TCPSession.hpp */ = {isa = PBXFileReference; fileEncoding = 4; lastKnownFileType = sourcecode.cpp.h; path = TCPSession.hpp; sourceTree = "<group>"; };
		1F36540E215A15B1003B9FAD /* TCPClient.cpp */ = {isa = PBXFileReference; fileEncoding = 4; lastKnownFileType = sourcecode.cpp.cpp; path = TCPClient.cpp; sourceTree = "<group>"; };
		1F36540F215A15B1003B9FAD /* noncopyable.h */ = {isa = PBXFileReference; fileEncoding = 4; lastKnownFileType = sourcecode.c.h; path = noncopyable.h; sourceTree = "<group>"; };
		1F365410215A15B1003B9FAD /* Queue.cpp */ = {isa = PBXFileReference; fileEncoding = 4; lastKnownFileType = sourcecode.cpp.cpp; path = Queue.cpp; sourceTree = "<group>"; };
		1F365411215A15B1003B9FAD /* TCPServer.cpp */ = {isa = PBXFileReference; fileEncoding = 4; lastKnownFileType = sourcecode.cpp.cpp; path = TCPServer.cpp; sourceTree = "<group>"; };
		1F365412215A15B1003B9FAD /* DataBuffer.hpp */ = {isa = PBXFileReference; fileEncoding = 4; lastKnownFileType = sourcecode.cpp.h; path = DataBuffer.hpp; sourceTree = "<group>"; };
		1F365413215A15B1003B9FAD /* TCPSession.cpp */ = {isa = PBXFileReference; fileEncoding = 4; lastKnownFileType = sourcecode.cpp.cpp; path = TCPSession.cpp; sourceTree = "<group>"; };
		1F365414215A15B1003B9FAD /* TCPAcceptor.cpp */ = {isa = PBXFileReference; fileEncoding = 4; lastKnownFileType = sourcecode.cpp.cpp; path = TCPAcceptor.cpp; sourceTree = "<group>"; };
		1F365415215A15B1003B9FAD /* TCPClient.hpp */ = {isa = PBXFileReference; fileEncoding = 4; lastKnownFileType = sourcecode.cpp.h; path = TCPClient.hpp; sourceTree = "<group>"; };
		1F365416215A15B1003B9FAD /* Timestamp.cpp */ = {isa = PBXFileReference; fileEncoding = 4; lastKnownFileType = sourcecode.cpp.cpp; path = Timestamp.cpp; sourceTree = "<group>"; };
		1F365417215A15B1003B9FAD /* DataHandler.cpp */ = {isa = PBXFileReference; fileEncoding = 4; lastKnownFileType = sourcecode.cpp.cpp; path = DataHandler.cpp; sourceTree = "<group>"; };
		1F365418215A15B1003B9FAD /* TCPConnector.cpp */ = {isa = PBXFileReference; fileEncoding = 4; lastKnownFileType = sourcecode.cpp.cpp; path = TCPConnector.cpp; sourceTree = "<group>"; };
		1F365419215A15B1003B9FAD /* Logging.hpp */ = {isa = PBXFileReference; fileEncoding = 4; lastKnownFileType = sourcecode.cpp.h; path = Logging.hpp; sourceTree = "<group>"; };
		1F5B1ABF2186F3F200752C8B /* ParseProto.cpp */ = {isa = PBXFileReference; lastKnownFileType = sourcecode.cpp.cpp; path = ParseProto.cpp; sourceTree = "<group>"; };
		1F5B1AC02186F3F200752C8B /* ParseProto.hpp */ = {isa = PBXFileReference; lastKnownFileType = sourcecode.cpp.h; path = ParseProto.hpp; sourceTree = "<group>"; };
		1F5B1ACB21884AA400752C8B /* NetBase.h */ = {isa = PBXFileReference; lastKnownFileType = sourcecode.c.h; path = NetBase.h; sourceTree = "<group>"; };
		1F5B1ACE21884B4B00752C8B /* FASIOType.h */ = {isa = PBXFileReference; lastKnownFileType = sourcecode.c.h; path = FASIOType.h; sourceTree = "<group>"; };
		1FE3E87621894B7100A2F52D /* NetPacket.cpp */ = {isa = PBXFileReference; lastKnownFileType = sourcecode.cpp.cpp; path = NetPacket.cpp; sourceTree = "<group>"; };
		1FE3E87721894B7100A2F52D /* NetPacket.hpp */ = {isa = PBXFileReference; lastKnownFileType = sourcecode.cpp.h; path = NetPacket.hpp; sourceTree = "<group>"; };
		1FE3E9FF218AE15C00A2F52D /* CPGServerDefine.h */ = {isa = PBXFileReference; lastKnownFileType = sourcecode.c.h; path = CPGServerDefine.h; sourceTree = "<group>"; };
		28C200AD20CD600900A9ECC5 /* ASIO_ALONE_STUDY */ = {isa = PBXFileReference; explicitFileType = "compiled.mach-o.executable"; includeInIndex = 0; path = ASIO_ALONE_STUDY; sourceTree = BUILT_PRODUCTS_DIR; };
		28C200B020CD600900A9ECC5 /* main.cpp */ = {isa = PBXFileReference; lastKnownFileType = sourcecode.cpp.cpp; path = main.cpp; sourceTree = "<group>"; };
		8123E1F8216B9C4A0050FD4D /* Thread.cpp */ = {isa = PBXFileReference; lastKnownFileType = sourcecode.cpp.cpp; path = Thread.cpp; sourceTree = "<group>"; };
		8123E1F9216B9C4A0050FD4D /* Thread.hpp */ = {isa = PBXFileReference; lastKnownFileType = sourcecode.cpp.h; path = Thread.hpp; sourceTree = "<group>"; };
		8123E1FB216CDB6B0050FD4D /* RunLoop.cpp */ = {isa = PBXFileReference; lastKnownFileType = sourcecode.cpp.cpp; path = RunLoop.cpp; sourceTree = "<group>"; };
		8123E1FC216CDB6B0050FD4D /* RunLoop.hpp */ = {isa = PBXFileReference; lastKnownFileType = sourcecode.cpp.h; path = RunLoop.hpp; sourceTree = "<group>"; };
		8123E1FE216CDD280050FD4D /* Conv.cpp */ = {isa = PBXFileReference; lastKnownFileType = sourcecode.cpp.cpp; path = Conv.cpp; sourceTree = "<group>"; };
		8123E1FF216CDD280050FD4D /* Conv.hpp */ = {isa = PBXFileReference; lastKnownFileType = sourcecode.cpp.h; path = Conv.hpp; sourceTree = "<group>"; };
		8123E22321889FC20050FD4D /* TCPListener.cpp */ = {isa = PBXFileReference; fileEncoding = 4; lastKnownFileType = sourcecode.cpp.cpp; path = TCPListener.cpp; sourceTree = "<group>"; };
		8123E22421889FC20050FD4D /* TCPSessionFactory.h */ = {isa = PBXFileReference; fileEncoding = 4; lastKnownFileType = sourcecode.c.h; path = TCPSessionFactory.h; sourceTree = "<group>"; };
		8123E22521889FC20050FD4D /* TCPSessionManager.cpp */ = {isa = PBXFileReference; fileEncoding = 4; lastKnownFileType = sourcecode.cpp.cpp; path = TCPSessionManager.cpp; sourceTree = "<group>"; };
		8123E22621889FC20050FD4D /* TCPSessionManager.hpp */ = {isa = PBXFileReference; fileEncoding = 4; lastKnownFileType = sourcecode.cpp.h; path = TCPSessionManager.hpp; sourceTree = "<group>"; };
		8123E22721889FC20050FD4D /* TCPListener.h */ = {isa = PBXFileReference; fileEncoding = 4; lastKnownFileType = sourcecode.c.h; path = TCPListener.h; sourceTree = "<group>"; };
		8123E22821889FC20050FD4D /* NetBase.hpp */ = {isa = PBXFileReference; fileEncoding = 4; lastKnownFileType = sourcecode.cpp.h; path = NetBase.hpp; sourceTree = "<group>"; };
/* End PBXFileReference section */

/* Begin PBXFrameworksBuildPhase section */
		28C200AA20CD600900A9ECC5 /* Frameworks */ = {
			isa = PBXFrameworksBuildPhase;
			buildActionMask = 2147483647;
			files = (
			);
			runOnlyForDeploymentPostprocessing = 0;
		};
/* End PBXFrameworksBuildPhase section */

/* Begin PBXGroup section */
		1F365402215A15B1003B9FAD /* Net */ = {
			isa = PBXGroup;
			children = (
				1F5B1ABE2186F3DE00752C8B /* Util */,
				1F5B1ACD21884B2000752C8B /* base */,
				1F5B1ABD2186EFB800752C8B /* logging */,
				8123E1FE216CDD280050FD4D /* Conv.cpp */,
				8123E1FF216CDD280050FD4D /* Conv.hpp */,
				8123E1FB216CDB6B0050FD4D /* RunLoop.cpp */,
				8123E1FC216CDB6B0050FD4D /* RunLoop.hpp */,
				8123E1F8216B9C4A0050FD4D /* Thread.cpp */,
				8123E1F9216B9C4A0050FD4D /* Thread.hpp */,
				1F365405215A15B1003B9FAD /* TCPConnector.hpp */,
				1F365418215A15B1003B9FAD /* TCPConnector.cpp */,
				1F365406215A15B1003B9FAD /* Header.h */,
				1F365408215A15B1003B9FAD /* Callbacks.h */,
				8123E22821889FC20050FD4D /* NetBase.hpp */,
				8123E22321889FC20050FD4D /* TCPListener.cpp */,
				8123E22721889FC20050FD4D /* TCPListener.h */,
				8123E22421889FC20050FD4D /* TCPSessionFactory.h */,
				8123E22521889FC20050FD4D /* TCPSessionManager.cpp */,
				8123E22621889FC20050FD4D /* TCPSessionManager.hpp */,
				1F365409215A15B1003B9FAD /* Queue.hpp */,
				1F365410215A15B1003B9FAD /* Queue.cpp */,
				1F365404215A15B1003B9FAD /* DataHandler.hpp */,
				1F365417215A15B1003B9FAD /* DataHandler.cpp */,
				1F36540D215A15B1003B9FAD /* TCPSession.hpp */,
				1F365413215A15B1003B9FAD /* TCPSession.cpp */,
				1F36540F215A15B1003B9FAD /* noncopyable.h */,
				1F365415215A15B1003B9FAD /* TCPClient.hpp */,
				1F36540E215A15B1003B9FAD /* TCPClient.cpp */,
				1F36540A215A15B1003B9FAD /* TCPServer.hpp */,
				1F365411215A15B1003B9FAD /* TCPServer.cpp */,
				1F365412215A15B1003B9FAD /* DataBuffer.hpp */,
				1F36540B215A15B1003B9FAD /* DataBuffer.cpp */,
				1F36540C215A15B1003B9FAD /* TCPAcceptor.hpp */,
				1F365414215A15B1003B9FAD /* TCPAcceptor.cpp */,
			);
			path = Net;
			sourceTree = "<group>";
		};
		1F5B1ABD2186EFB800752C8B /* logging */ = {
			isa = PBXGroup;
			children = (
				1F365403215A15B1003B9FAD /* Timestamp.hpp */,
				1F365416215A15B1003B9FAD /* Timestamp.cpp */,
				1F365419215A15B1003B9FAD /* Logging.hpp */,
				1F365407215A15B1003B9FAD /* Logging.cpp */,
			);
			path = logging;
			sourceTree = "<group>";
		};
		1F5B1ABE2186F3DE00752C8B /* Util */ = {
			isa = PBXGroup;
			children = (
				1F5B1ABF2186F3F200752C8B /* ParseProto.cpp */,
				1F5B1AC02186F3F200752C8B /* ParseProto.hpp */,
				1FE3E87621894B7100A2F52D /* NetPacket.cpp */,
				1FE3E87721894B7100A2F52D /* NetPacket.hpp */,
			);
			path = Util;
			sourceTree = "<group>";
		};
		1F5B1ACD21884B2000752C8B /* base */ = {
			isa = PBXGroup;
			children = (
				1F5B1ACB21884AA400752C8B /* NetBase.h */,
				1F5B1ACE21884B4B00752C8B /* FASIOType.h */,
			);
			path = base;
			sourceTree = "<group>";
		};
		1FD879D9217479E9003547AE /* CPG */ = {
			isa = PBXGroup;
			children = (
				1FE3E9FF218AE15C00A2F52D /* CPGServerDefine.h */,
			);
			path = CPG;
			sourceTree = "<group>";
		};
		28C200A420CD600900A9ECC5 = {
			isa = PBXGroup;
			children = (
				28C200AF20CD600900A9ECC5 /* ASIO_ALONE_STUDY */,
				28C200AE20CD600900A9ECC5 /* Products */,
			);
			sourceTree = "<group>";
		};
		28C200AE20CD600900A9ECC5 /* Products */ = {
			isa = PBXGroup;
			children = (
				28C200AD20CD600900A9ECC5 /* ASIO_ALONE_STUDY */,
			);
			name = Products;
			sourceTree = "<group>";
		};
		28C200AF20CD600900A9ECC5 /* ASIO_ALONE_STUDY */ = {
			isa = PBXGroup;
			children = (
				1FD879D9217479E9003547AE /* CPG */,
				1F365402215A15B1003B9FAD /* Net */,
				28C200B020CD600900A9ECC5 /* main.cpp */,
			);
			path = ASIO_ALONE_STUDY;
			sourceTree = "<group>";
		};
/* End PBXGroup section */

/* Begin PBXNativeTarget section */
		28C200AC20CD600900A9ECC5 /* ASIO_ALONE_STUDY */ = {
			isa = PBXNativeTarget;
			buildConfigurationList = 28C200B420CD600900A9ECC5 /* Build configuration list for PBXNativeTarget "ASIO_ALONE_STUDY" */;
			buildPhases = (
				28C200A920CD600900A9ECC5 /* Sources */,
				28C200AA20CD600900A9ECC5 /* Frameworks */,
				28C200AB20CD600900A9ECC5 /* CopyFiles */,
			);
			buildRules = (
			);
			dependencies = (
			);
			name = ASIO_ALONE_STUDY;
			productName = ASIO_ALONE_STUDY;
			productReference = 28C200AD20CD600900A9ECC5 /* ASIO_ALONE_STUDY */;
			productType = "com.apple.product-type.tool";
		};
/* End PBXNativeTarget section */

/* Begin PBXProject section */
		28C200A520CD600900A9ECC5 /* Project object */ = {
			isa = PBXProject;
			attributes = {
				LastUpgradeCheck = 0830;
				ORGANIZATIONNAME = fenggeren;
				TargetAttributes = {
					28C200AC20CD600900A9ECC5 = {
						CreatedOnToolsVersion = 8.3.2;
						DevelopmentTeam = JEPATNX4BL;
						ProvisioningStyle = Automatic;
					};
				};
			};
			buildConfigurationList = 28C200A820CD600900A9ECC5 /* Build configuration list for PBXProject "ASIO_ALONE_STUDY" */;
			compatibilityVersion = "Xcode 3.2";
			developmentRegion = English;
			hasScannedForEncodings = 0;
			knownRegions = (
				en,
			);
			mainGroup = 28C200A420CD600900A9ECC5;
			productRefGroup = 28C200AE20CD600900A9ECC5 /* Products */;
			projectDirPath = "";
			projectRoot = "";
			targets = (
				28C200AC20CD600900A9ECC5 /* ASIO_ALONE_STUDY */,
			);
		};
/* End PBXProject section */

/* Begin PBXSourcesBuildPhase section */
		28C200A920CD600900A9ECC5 /* Sources */ = {
			isa = PBXSourcesBuildPhase;
			buildActionMask = 2147483647;
			files = (
				8123E22A21889FC20050FD4D /* TCPSessionManager.cpp in Sources */,
				1F5B1ACF21884B4B00752C8B /* FASIOType.h in Sources */,
				8123E22921889FC20050FD4D /* TCPListener.cpp in Sources */,
				1FE3E87821894B7100A2F52D /* NetPacket.cpp in Sources */,
				1F5B1AC12186F3F200752C8B /* ParseProto.cpp in Sources */,
				1F365421215A15B1003B9FAD /* Timestamp.cpp in Sources */,
				1F365420215A15B1003B9FAD /* TCPAcceptor.cpp in Sources */,
				1F36541A215A15B1003B9FAD /* Logging.cpp in Sources */,
				1F365422215A15B1003B9FAD /* DataHandler.cpp in Sources */,
				1F36541F215A15B1003B9FAD /* TCPSession.cpp in Sources */,
				28C200B120CD600900A9ECC5 /* main.cpp in Sources */,
				1F365423215A15B1003B9FAD /* TCPConnector.cpp in Sources */,
				8123E1FA216B9C4A0050FD4D /* Thread.cpp in Sources */,
				8123E200216CDD280050FD4D /* Conv.cpp in Sources */,
				1F36541D215A15B1003B9FAD /* Queue.cpp in Sources */,
				1F36541E215A15B1003B9FAD /* TCPServer.cpp in Sources */,
				8123E1FD216CDB6B0050FD4D /* RunLoop.cpp in Sources */,
				1F36541B215A15B1003B9FAD /* DataBuffer.cpp in Sources */,
				1F36541C215A15B1003B9FAD /* TCPClient.cpp in Sources */,
			);
			runOnlyForDeploymentPostprocessing = 0;
		};
/* End PBXSourcesBuildPhase section */

/* Begin XCBuildConfiguration section */
		28C200B220CD600900A9ECC5 /* Debug */ = {
			isa = XCBuildConfiguration;
			buildSettings = {
				ALWAYS_SEARCH_USER_PATHS = NO;
				CLANG_ANALYZER_NONNULL = YES;
				CLANG_ANALYZER_NUMBER_OBJECT_CONVERSION = YES_AGGRESSIVE;
				CLANG_CXX_LANGUAGE_STANDARD = "gnu++0x";
				CLANG_CXX_LIBRARY = "libc++";
				CLANG_ENABLE_MODULES = YES;
				CLANG_ENABLE_OBJC_ARC = YES;
				CLANG_WARN_BOOL_CONVERSION = YES;
				CLANG_WARN_CONSTANT_CONVERSION = YES;
				CLANG_WARN_DIRECT_OBJC_ISA_USAGE = YES_ERROR;
				CLANG_WARN_DOCUMENTATION_COMMENTS = YES;
				CLANG_WARN_EMPTY_BODY = YES;
				CLANG_WARN_ENUM_CONVERSION = YES;
				CLANG_WARN_INFINITE_RECURSION = YES;
				CLANG_WARN_INT_CONVERSION = YES;
				CLANG_WARN_OBJC_ROOT_CLASS = YES_ERROR;
				CLANG_WARN_SUSPICIOUS_MOVE = YES;
				CLANG_WARN_UNREACHABLE_CODE = YES;
				CLANG_WARN__DUPLICATE_METHOD_MATCH = YES;
				CODE_SIGN_IDENTITY = "-";
				COPY_PHASE_STRIP = NO;
				DEBUG_INFORMATION_FORMAT = dwarf;
				ENABLE_STRICT_OBJC_MSGSEND = YES;
				ENABLE_TESTABILITY = YES;
				GCC_C_LANGUAGE_STANDARD = gnu99;
				GCC_DYNAMIC_NO_PIC = NO;
				GCC_NO_COMMON_BLOCKS = YES;
				GCC_OPTIMIZATION_LEVEL = 0;
				GCC_PREPROCESSOR_DEFINITIONS = (
					"DEBUG=1",
					"$(inherited)",
				);
				GCC_WARN_64_TO_32_BIT_CONVERSION = YES;
				GCC_WARN_ABOUT_RETURN_TYPE = YES_ERROR;
				GCC_WARN_UNDECLARED_SELECTOR = YES;
				GCC_WARN_UNINITIALIZED_AUTOS = YES_AGGRESSIVE;
				GCC_WARN_UNUSED_FUNCTION = YES;
				GCC_WARN_UNUSED_VARIABLE = YES;
				MACOSX_DEPLOYMENT_TARGET = 10.12;
				MTL_ENABLE_DEBUG_INFO = YES;
				ONLY_ACTIVE_ARCH = YES;
				SDKROOT = macosx;
			};
			name = Debug;
		};
		28C200B320CD600900A9ECC5 /* Release */ = {
			isa = XCBuildConfiguration;
			buildSettings = {
				ALWAYS_SEARCH_USER_PATHS = NO;
				CLANG_ANALYZER_NONNULL = YES;
				CLANG_ANALYZER_NUMBER_OBJECT_CONVERSION = YES_AGGRESSIVE;
				CLANG_CXX_LANGUAGE_STANDARD = "gnu++0x";
				CLANG_CXX_LIBRARY = "libc++";
				CLANG_ENABLE_MODULES = YES;
				CLANG_ENABLE_OBJC_ARC = YES;
				CLANG_WARN_BOOL_CONVERSION = YES;
				CLANG_WARN_CONSTANT_CONVERSION = YES;
				CLANG_WARN_DIRECT_OBJC_ISA_USAGE = YES_ERROR;
				CLANG_WARN_DOCUMENTATION_COMMENTS = YES;
				CLANG_WARN_EMPTY_BODY = YES;
				CLANG_WARN_ENUM_CONVERSION = YES;
				CLANG_WARN_INFINITE_RECURSION = YES;
				CLANG_WARN_INT_CONVERSION = YES;
				CLANG_WARN_OBJC_ROOT_CLASS = YES_ERROR;
				CLANG_WARN_SUSPICIOUS_MOVE = YES;
				CLANG_WARN_UNREACHABLE_CODE = YES;
				CLANG_WARN__DUPLICATE_METHOD_MATCH = YES;
				CODE_SIGN_IDENTITY = "-";
				COPY_PHASE_STRIP = NO;
				DEBUG_INFORMATION_FORMAT = "dwarf-with-dsym";
				ENABLE_NS_ASSERTIONS = NO;
				ENABLE_STRICT_OBJC_MSGSEND = YES;
				GCC_C_LANGUAGE_STANDARD = gnu99;
				GCC_NO_COMMON_BLOCKS = YES;
				GCC_WARN_64_TO_32_BIT_CONVERSION = YES;
				GCC_WARN_ABOUT_RETURN_TYPE = YES_ERROR;
				GCC_WARN_UNDECLARED_SELECTOR = YES;
				GCC_WARN_UNINITIALIZED_AUTOS = YES_AGGRESSIVE;
				GCC_WARN_UNUSED_FUNCTION = YES;
				GCC_WARN_UNUSED_VARIABLE = YES;
				MACOSX_DEPLOYMENT_TARGET = 10.12;
				MTL_ENABLE_DEBUG_INFO = NO;
				SDKROOT = macosx;
			};
			name = Release;
		};
		28C200B520CD600900A9ECC5 /* Debug */ = {
			isa = XCBuildConfiguration;
			buildSettings = {
				CLANG_CXX_LANGUAGE_STANDARD = "gnu++14";
				CLANG_CXX_LIBRARY = "libc++";
				DEVELOPMENT_TEAM = JEPATNX4BL;
				GCC_PREPROCESSOR_DEFINITIONS = (
					"DEBUG=1",
					"$(inherited)",
					"ASIO_STANDALONE=1",
				);
				HEADER_SEARCH_PATHS = (
					"$(SRCROOT)/ASIO_ALONE_STUDY/include",
					/usr/local/include,
				);
				LIBRARY_SEARCH_PATHS = /usr/local/lib;
				OTHER_LDFLAGS = (
					"-l",
					boost_system,
				);
				PRODUCT_NAME = "$(TARGET_NAME)";
			};
			name = Debug;
		};
		28C200B620CD600900A9ECC5 /* Release */ = {
			isa = XCBuildConfiguration;
			buildSettings = {
				CLANG_CXX_LANGUAGE_STANDARD = "gnu++14";
				CLANG_CXX_LIBRARY = "libc++";
				DEVELOPMENT_TEAM = JEPATNX4BL;
				HEADER_SEARCH_PATHS = (
					"$(SRCROOT)/ASIO_ALONE_STUDY/include",
					/usr/local/include,
				);
				LIBRARY_SEARCH_PATHS = /usr/local/lib;
				OTHER_LDFLAGS = (
					"-l",
					boost_system,
				);
				PRODUCT_NAME = "$(TARGET_NAME)";
			};
			name = Release;
		};
/* End XCBuildConfiguration section */

/* Begin XCConfigurationList section */
		28C200A820CD600900A9ECC5 /* Build configuration list for PBXProject "ASIO_ALONE_STUDY" */ = {
			isa = XCConfigurationList;
			buildConfigurations = (
				28C200B220CD600900A9ECC5 /* Debug */,
				28C200B320CD600900A9ECC5 /* Release */,
			);
			defaultConfigurationIsVisible = 0;
			defaultConfigurationName = Release;
		};
		28C200B420CD600900A9ECC5 /* Build configuration list for PBXNativeTarget "ASIO_ALONE_STUDY" */ = {
			isa = XCConfigurationList;
			buildConfigurations = (
				28C200B520CD600900A9ECC5 /* Debug */,
				28C200B620CD600900A9ECC5 /* Release */,
			);
			defaultConfigurationIsVisible = 0;
			defaultConfigurationName = Release;
		};
/* End XCConfigurationList section */
	};
	rootObject = 28C200A520CD600900A9ECC5 /* Project object */;
}
