// !$*UTF8*$!
{
	archiveVersion = 1;
	classes = {
	};
	objectVersion = 50;
	objects = {

/* Begin PBXBuildFile section */
		1F24633C2193F03F009A67AC /* ServiceKernel.cpp in Sources */ = {isa = PBXBuildFile; fileRef = 1F2463392193F03F009A67AC /* ServiceKernel.cpp */; };
		1F246363219407EF009A67AC /* CPGNetSession.cpp in Sources */ = {isa = PBXBuildFile; fileRef = 1F246361219407EF009A67AC /* CPGNetSession.cpp */; };
		1F24639C21995146009A67AC /* cpg_match_create_factory.cpp in Sources */ = {isa = PBXBuildFile; fileRef = 1F24639B21995146009A67AC /* cpg_match_create_factory.cpp */; };
		1F2463A12199527F009A67AC /* cpg_json_struct_helper.cpp in Sources */ = {isa = PBXBuildFile; fileRef = 1F24639F2199527E009A67AC /* cpg_json_struct_helper.cpp */; };
		1F2463A721995329009A67AC /* BetAlgorithm.cc in Sources */ = {isa = PBXBuildFile; fileRef = 1F2463A621995329009A67AC /* BetAlgorithm.cc */; };
		1F2463B0219978E9009A67AC /* TimerManager.cpp in Sources */ = {isa = PBXBuildFile; fileRef = 1F2463AE219978E8009A67AC /* TimerManager.cpp */; };
		1F2463BC219AB46F009A67AC /* CSMatchDistribution.cpp in Sources */ = {isa = PBXBuildFile; fileRef = 1F2463BA219AB46F009A67AC /* CSMatchDistribution.cpp */; };
		1F95CE68218BFC780057618A /* libprotobuf.a in Frameworks */ = {isa = PBXBuildFile; fileRef = 1F95CE67218BFC780057618A /* libprotobuf.a */; };
		1F95CE9A218BFD450057618A /* CPGToCentral.pb.cc in Sources */ = {isa = PBXBuildFile; fileRef = 1F95CE98218BFD450057618A /* CPGToCentral.pb.cc */; };
		1F95CE9D218C3C6C0057618A /* CSKernel.cpp in Sources */ = {isa = PBXBuildFile; fileRef = 1F95CE9B218C3C6C0057618A /* CSKernel.cpp */; };
		1F95CEA0218C3F520057618A /* CSMatchManager.cpp in Sources */ = {isa = PBXBuildFile; fileRef = 1F95CE9E218C3F520057618A /* CSMatchManager.cpp */; };
		1F95CF1C219137FE0057618A /* BalanceSession.cpp in Sources */ = {isa = PBXBuildFile; fileRef = 1F95CF1A219137FE0057618A /* BalanceSession.cpp */; };
		1F95CF1F219177550057618A /* CPGClient.pb.cc in Sources */ = {isa = PBXBuildFile; fileRef = 1F95CF1D219177550057618A /* CPGClient.pb.cc */; };
		1FE3E9042189A5B500A2F52D /* main.cpp in Sources */ = {isa = PBXBuildFile; fileRef = 1FE3E9032189A5B500A2F52D /* main.cpp */; };
		1FE3E9392189A5FB00A2F52D /* Thread.cpp in Sources */ = {isa = PBXBuildFile; fileRef = 1FE3E90B2189A5FB00A2F52D /* Thread.cpp */; };
		1FE3E93B2189A5FB00A2F52D /* NetPacket.cpp in Sources */ = {isa = PBXBuildFile; fileRef = 1FE3E9142189A5FB00A2F52D /* NetPacket.cpp */; };
		1FE3E93C2189A5FB00A2F52D /* ParseProto.cpp in Sources */ = {isa = PBXBuildFile; fileRef = 1FE3E9162189A5FB00A2F52D /* ParseProto.cpp */; };
		1FE3E93D2189A5FB00A2F52D /* TCPListener.cpp in Sources */ = {isa = PBXBuildFile; fileRef = 1FE3E9182189A5FB00A2F52D /* TCPListener.cpp */; };
		1FE3E93E2189A5FB00A2F52D /* DataBuffer.cpp in Sources */ = {isa = PBXBuildFile; fileRef = 1FE3E91E2189A5FB00A2F52D /* DataBuffer.cpp */; };
		1FE3E93F2189A5FB00A2F52D /* TCPClient.cpp in Sources */ = {isa = PBXBuildFile; fileRef = 1FE3E9212189A5FB00A2F52D /* TCPClient.cpp */; };
		1FE3E9402189A5FB00A2F52D /* Queue.cpp in Sources */ = {isa = PBXBuildFile; fileRef = 1FE3E9232189A5FB00A2F52D /* Queue.cpp */; };
		1FE3E9412189A5FB00A2F52D /* TCPServer.cpp in Sources */ = {isa = PBXBuildFile; fileRef = 1FE3E9242189A5FB00A2F52D /* TCPServer.cpp */; };
		1FE3E9422189A5FB00A2F52D /* Conv.cpp in Sources */ = {isa = PBXBuildFile; fileRef = 1FE3E9252189A5FB00A2F52D /* Conv.cpp */; };
		1FE3E9432189A5FB00A2F52D /* TCPSession.cpp in Sources */ = {isa = PBXBuildFile; fileRef = 1FE3E9272189A5FB00A2F52D /* TCPSession.cpp */; };
		1FE3E9442189A5FB00A2F52D /* TCPAcceptor.cpp in Sources */ = {isa = PBXBuildFile; fileRef = 1FE3E9292189A5FB00A2F52D /* TCPAcceptor.cpp */; };
		1FE3E9452189A5FB00A2F52D /* DataHandler.cpp in Sources */ = {isa = PBXBuildFile; fileRef = 1FE3E92C2189A5FB00A2F52D /* DataHandler.cpp */; };
		1FE3E9462189A5FB00A2F52D /* TCPSessionManager.cpp in Sources */ = {isa = PBXBuildFile; fileRef = 1FE3E92E2189A5FB00A2F52D /* TCPSessionManager.cpp */; };
		1FE3E9472189A5FB00A2F52D /* Logging.cpp in Sources */ = {isa = PBXBuildFile; fileRef = 1FE3E9312189A5FB00A2F52D /* Logging.cpp */; };
		1FE3E9482189A5FB00A2F52D /* Timestamp.cpp in Sources */ = {isa = PBXBuildFile; fileRef = 1FE3E9322189A5FB00A2F52D /* Timestamp.cpp */; };
		1FE3E9492189A5FB00A2F52D /* TCPConnector.cpp in Sources */ = {isa = PBXBuildFile; fileRef = 1FE3E9342189A5FB00A2F52D /* TCPConnector.cpp */; };
		1FE3E94A2189A5FB00A2F52D /* FASIOType.cpp in Sources */ = {isa = PBXBuildFile; fileRef = 1FE3E9382189A5FB00A2F52D /* FASIOType.cpp */; };
		1FE3E94D2189A65800A2F52D /* CSSessionManager.cpp in Sources */ = {isa = PBXBuildFile; fileRef = 1FE3E94B2189A65800A2F52D /* CSSessionManager.cpp */; };
		1FE3EA1C218AE85800A2F52D /* GateSession.cpp in Sources */ = {isa = PBXBuildFile; fileRef = 1FE3EA1A218AE85800A2F52D /* GateSession.cpp */; };
		1FE3EA1F218AE86300A2F52D /* MatchSession.cpp in Sources */ = {isa = PBXBuildFile; fileRef = 1FE3EA1D218AE86300A2F52D /* MatchSession.cpp */; };
		1FE3EA22218AE86E00A2F52D /* LoginSession.cpp in Sources */ = {isa = PBXBuildFile; fileRef = 1FE3EA20218AE86E00A2F52D /* LoginSession.cpp */; };
		1FF0854D219D0BA300A05710 /* CSMatchLoadedEvaluation.cpp in Sources */ = {isa = PBXBuildFile; fileRef = 1FF0854B219D0BA300A05710 /* CSMatchLoadedEvaluation.cpp */; };
		1FF08555219D190B00A05710 /* ConvFunctional.cpp in Sources */ = {isa = PBXBuildFile; fileRef = 1FF08553219D190B00A05710 /* ConvFunctional.cpp */; };
/* End PBXBuildFile section */

/* Begin PBXCopyFilesBuildPhase section */
		1FE3E8FE2189A5B500A2F52D /* CopyFiles */ = {
			isa = PBXCopyFilesBuildPhase;
			buildActionMask = 2147483647;
			dstPath = /usr/share/man/man1/;
			dstSubfolderSpec = 0;
			files = (
			);
			runOnlyForDeploymentPostprocessing = 1;
		};
/* End PBXCopyFilesBuildPhase section */

/* Begin PBXFileReference section */
		1F2463392193F03F009A67AC /* ServiceKernel.cpp */ = {isa = PBXFileReference; fileEncoding = 4; lastKnownFileType = sourcecode.cpp.cpp; path = ServiceKernel.cpp; sourceTree = "<group>"; };
		1F24633A2193F03F009A67AC /* ServiceKernel.hpp */ = {isa = PBXFileReference; fileEncoding = 4; lastKnownFileType = sourcecode.cpp.h; path = ServiceKernel.hpp; sourceTree = "<group>"; };
		1F246361219407EF009A67AC /* CPGNetSession.cpp */ = {isa = PBXFileReference; fileEncoding = 4; lastKnownFileType = sourcecode.cpp.cpp; path = CPGNetSession.cpp; sourceTree = "<group>"; };
		1F246362219407EF009A67AC /* CPGNetSession.hpp */ = {isa = PBXFileReference; fileEncoding = 4; lastKnownFileType = sourcecode.cpp.h; path = CPGNetSession.hpp; sourceTree = "<group>"; };
		1F246393219950A0009A67AC /* cpg_match_struct_define.h */ = {isa = PBXFileReference; fileEncoding = 4; lastKnownFileType = sourcecode.c.h; path = cpg_match_struct_define.h; sourceTree = "<group>"; };
		1F24639921995135009A67AC /* json.hpp */ = {isa = PBXFileReference; fileEncoding = 4; lastKnownFileType = sourcecode.cpp.h; path = json.hpp; sourceTree = "<group>"; };
		1F24639A21995146009A67AC /* cpg_match_create_factory.h */ = {isa = PBXFileReference; fileEncoding = 4; lastKnownFileType = sourcecode.c.h; path = cpg_match_create_factory.h; sourceTree = "<group>"; };
		1F24639B21995146009A67AC /* cpg_match_create_factory.cpp */ = {isa = PBXFileReference; fileEncoding = 4; lastKnownFileType = sourcecode.cpp.cpp; path = cpg_match_create_factory.cpp; sourceTree = "<group>"; };
		1F24639E2199522D009A67AC /* GameDefine.h */ = {isa = PBXFileReference; fileEncoding = 4; lastKnownFileType = sourcecode.c.h; path = GameDefine.h; sourceTree = "<group>"; };
		1F24639F2199527E009A67AC /* cpg_json_struct_helper.cpp */ = {isa = PBXFileReference; fileEncoding = 4; lastKnownFileType = sourcecode.cpp.cpp; path = cpg_json_struct_helper.cpp; sourceTree = "<group>"; };
		1F2463A02199527F009A67AC /* cpg_json_struct_helper.h */ = {isa = PBXFileReference; fileEncoding = 4; lastKnownFileType = sourcecode.c.h; path = cpg_json_struct_helper.h; sourceTree = "<group>"; };
		1F2463A521995329009A67AC /* BetAlgorithm.h */ = {isa = PBXFileReference; fileEncoding = 4; lastKnownFileType = sourcecode.c.h; path = BetAlgorithm.h; sourceTree = "<group>"; };
		1F2463A621995329009A67AC /* BetAlgorithm.cc */ = {isa = PBXFileReference; fileEncoding = 4; lastKnownFileType = sourcecode.cpp.cpp; path = BetAlgorithm.cc; sourceTree = "<group>"; };
		1F2463AE219978E8009A67AC /* TimerManager.cpp */ = {isa = PBXFileReference; fileEncoding = 4; lastKnownFileType = sourcecode.cpp.cpp; path = TimerManager.cpp; sourceTree = "<group>"; };
		1F2463AF219978E8009A67AC /* TimerManager.hpp */ = {isa = PBXFileReference; fileEncoding = 4; lastKnownFileType = sourcecode.cpp.h; path = TimerManager.hpp; sourceTree = "<group>"; };
		1F2463BA219AB46F009A67AC /* CSMatchDistribution.cpp */ = {isa = PBXFileReference; lastKnownFileType = sourcecode.cpp.cpp; path = CSMatchDistribution.cpp; sourceTree = "<group>"; };
		1F2463BB219AB46F009A67AC /* CSMatchDistribution.hpp */ = {isa = PBXFileReference; lastKnownFileType = sourcecode.cpp.h; path = CSMatchDistribution.hpp; sourceTree = "<group>"; };
		1F2463BD219AB51A009A67AC /* CSMatchDistDefine.h */ = {isa = PBXFileReference; lastKnownFileType = sourcecode.c.h; path = CSMatchDistDefine.h; sourceTree = "<group>"; };
		1F95CE67218BFC780057618A /* libprotobuf.a */ = {isa = PBXFileReference; lastKnownFileType = archive.ar; name = libprotobuf.a; path = ../../../../../../usr/local/lib/libprotobuf.a; sourceTree = "<group>"; };
		1F95CE94218BFD450057618A /* CPGToCentral.proto */ = {isa = PBXFileReference; fileEncoding = 4; lastKnownFileType = text; path = CPGToCentral.proto; sourceTree = "<group>"; };
		1F95CE95218BFD450057618A /* ng */ = {isa = PBXFileReference; fileEncoding = 4; lastKnownFileType = text.script.sh; path = ng; sourceTree = "<group>"; };
		1F95CE96218BFD450057618A /* CPGHeader.h */ = {isa = PBXFileReference; fileEncoding = 4; lastKnownFileType = sourcecode.c.h; path = CPGHeader.h; sourceTree = "<group>"; };
		1F95CE97218BFD450057618A /* CPGToCentral.pb.h */ = {isa = PBXFileReference; fileEncoding = 4; lastKnownFileType = sourcecode.c.h; path = CPGToCentral.pb.h; sourceTree = "<group>"; };
		1F95CE98218BFD450057618A /* CPGToCentral.pb.cc */ = {isa = PBXFileReference; fileEncoding = 4; lastKnownFileType = sourcecode.cpp.cpp; path = CPGToCentral.pb.cc; sourceTree = "<group>"; };
		1F95CE99218BFD450057618A /* CPGServerDefine.h */ = {isa = PBXFileReference; fileEncoding = 4; lastKnownFileType = sourcecode.c.h; path = CPGServerDefine.h; sourceTree = "<group>"; };
		1F95CE9B218C3C6C0057618A /* CSKernel.cpp */ = {isa = PBXFileReference; lastKnownFileType = sourcecode.cpp.cpp; path = CSKernel.cpp; sourceTree = "<group>"; };
		1F95CE9C218C3C6C0057618A /* CSKernel.hpp */ = {isa = PBXFileReference; lastKnownFileType = sourcecode.cpp.h; path = CSKernel.hpp; sourceTree = "<group>"; };
		1F95CE9E218C3F520057618A /* CSMatchManager.cpp */ = {isa = PBXFileReference; lastKnownFileType = sourcecode.cpp.cpp; path = CSMatchManager.cpp; sourceTree = "<group>"; };
		1F95CE9F218C3F520057618A /* CSMatchManager.hpp */ = {isa = PBXFileReference; lastKnownFileType = sourcecode.cpp.h; path = CSMatchManager.hpp; sourceTree = "<group>"; };
		1F95CF1A219137FE0057618A /* BalanceSession.cpp */ = {isa = PBXFileReference; lastKnownFileType = sourcecode.cpp.cpp; path = BalanceSession.cpp; sourceTree = "<group>"; };
		1F95CF1B219137FE0057618A /* BalanceSession.hpp */ = {isa = PBXFileReference; lastKnownFileType = sourcecode.cpp.h; path = BalanceSession.hpp; sourceTree = "<group>"; };
		1F95CF1D219177550057618A /* CPGClient.pb.cc */ = {isa = PBXFileReference; fileEncoding = 4; lastKnownFileType = sourcecode.cpp.cpp; path = CPGClient.pb.cc; sourceTree = "<group>"; };
		1F95CF1E219177550057618A /* CPGClient.pb.h */ = {isa = PBXFileReference; fileEncoding = 4; lastKnownFileType = sourcecode.c.h; path = CPGClient.pb.h; sourceTree = "<group>"; };
		1FE3E9002189A5B500A2F52D /* CentralServer */ = {isa = PBXFileReference; explicitFileType = "compiled.mach-o.executable"; includeInIndex = 0; path = CentralServer; sourceTree = BUILT_PRODUCTS_DIR; };
		1FE3E9032189A5B500A2F52D /* main.cpp */ = {isa = PBXFileReference; lastKnownFileType = sourcecode.cpp.cpp; path = main.cpp; sourceTree = "<group>"; };
		1FE3E90B2189A5FB00A2F52D /* Thread.cpp */ = {isa = PBXFileReference; fileEncoding = 4; lastKnownFileType = sourcecode.cpp.cpp; path = Thread.cpp; sourceTree = "<group>"; };
		1FE3E90C2189A5FB00A2F52D /* DataHandler.hpp */ = {isa = PBXFileReference; fileEncoding = 4; lastKnownFileType = sourcecode.cpp.h; path = DataHandler.hpp; sourceTree = "<group>"; };
		1FE3E90E2189A5FB00A2F52D /* NetSessionManager.hpp */ = {isa = PBXFileReference; fileEncoding = 4; lastKnownFileType = sourcecode.cpp.h; path = NetSessionManager.hpp; sourceTree = "<group>"; };
		1FE3E90F2189A5FB00A2F52D /* TCPConnector.hpp */ = {isa = PBXFileReference; fileEncoding = 4; lastKnownFileType = sourcecode.cpp.h; path = TCPConnector.hpp; sourceTree = "<group>"; };
		1FE3E9102189A5FB00A2F52D /* TCPSessionManager.hpp */ = {isa = PBXFileReference; fileEncoding = 4; lastKnownFileType = sourcecode.cpp.h; path = TCPSessionManager.hpp; sourceTree = "<group>"; };
		1FE3E9112189A5FB00A2F52D /* Header.h */ = {isa = PBXFileReference; fileEncoding = 4; lastKnownFileType = sourcecode.c.h; path = Header.h; sourceTree = "<group>"; };
		1FE3E9132189A5FB00A2F52D /* ParseProto.hpp */ = {isa = PBXFileReference; fileEncoding = 4; lastKnownFileType = sourcecode.cpp.h; path = ParseProto.hpp; sourceTree = "<group>"; };
		1FE3E9142189A5FB00A2F52D /* NetPacket.cpp */ = {isa = PBXFileReference; fileEncoding = 4; lastKnownFileType = sourcecode.cpp.cpp; path = NetPacket.cpp; sourceTree = "<group>"; };
		1FE3E9152189A5FB00A2F52D /* NetPacket.hpp */ = {isa = PBXFileReference; fileEncoding = 4; lastKnownFileType = sourcecode.cpp.h; path = NetPacket.hpp; sourceTree = "<group>"; };
		1FE3E9162189A5FB00A2F52D /* ParseProto.cpp */ = {isa = PBXFileReference; fileEncoding = 4; lastKnownFileType = sourcecode.cpp.cpp; path = ParseProto.cpp; sourceTree = "<group>"; };
		1FE3E9172189A5FB00A2F52D /* Callbacks.h */ = {isa = PBXFileReference; fileEncoding = 4; lastKnownFileType = sourcecode.c.h; path = Callbacks.h; sourceTree = "<group>"; };
		1FE3E9182189A5FB00A2F52D /* TCPListener.cpp */ = {isa = PBXFileReference; fileEncoding = 4; lastKnownFileType = sourcecode.cpp.cpp; path = TCPListener.cpp; sourceTree = "<group>"; };
		1FE3E9192189A5FB00A2F52D /* Queue.hpp */ = {isa = PBXFileReference; fileEncoding = 4; lastKnownFileType = sourcecode.cpp.h; path = Queue.hpp; sourceTree = "<group>"; };
		1FE3E91A2189A5FB00A2F52D /* NetBase.hpp */ = {isa = PBXFileReference; fileEncoding = 4; lastKnownFileType = sourcecode.cpp.h; path = NetBase.hpp; sourceTree = "<group>"; };
		1FE3E91B2189A5FB00A2F52D /* TCPServer.hpp */ = {isa = PBXFileReference; fileEncoding = 4; lastKnownFileType = sourcecode.cpp.h; path = TCPServer.hpp; sourceTree = "<group>"; };
		1FE3E91C2189A5FB00A2F52D /* TCPListener.h */ = {isa = PBXFileReference; fileEncoding = 4; lastKnownFileType = sourcecode.c.h; path = TCPListener.h; sourceTree = "<group>"; };
		1FE3E91D2189A5FB00A2F52D /* Conv.hpp */ = {isa = PBXFileReference; fileEncoding = 4; lastKnownFileType = sourcecode.cpp.h; path = Conv.hpp; sourceTree = "<group>"; };
		1FE3E91E2189A5FB00A2F52D /* DataBuffer.cpp */ = {isa = PBXFileReference; fileEncoding = 4; lastKnownFileType = sourcecode.cpp.cpp; path = DataBuffer.cpp; sourceTree = "<group>"; };
		1FE3E91F2189A5FB00A2F52D /* TCPAcceptor.hpp */ = {isa = PBXFileReference; fileEncoding = 4; lastKnownFileType = sourcecode.cpp.h; path = TCPAcceptor.hpp; sourceTree = "<group>"; };
		1FE3E9202189A5FB00A2F52D /* TCPSession.hpp */ = {isa = PBXFileReference; fileEncoding = 4; lastKnownFileType = sourcecode.cpp.h; path = TCPSession.hpp; sourceTree = "<group>"; };
		1FE3E9212189A5FB00A2F52D /* TCPClient.cpp */ = {isa = PBXFileReference; fileEncoding = 4; lastKnownFileType = sourcecode.cpp.cpp; path = TCPClient.cpp; sourceTree = "<group>"; };
		1FE3E9222189A5FB00A2F52D /* noncopyable.h */ = {isa = PBXFileReference; fileEncoding = 4; lastKnownFileType = sourcecode.c.h; path = noncopyable.h; sourceTree = "<group>"; };
		1FE3E9232189A5FB00A2F52D /* Queue.cpp */ = {isa = PBXFileReference; fileEncoding = 4; lastKnownFileType = sourcecode.cpp.cpp; path = Queue.cpp; sourceTree = "<group>"; };
		1FE3E9242189A5FB00A2F52D /* TCPServer.cpp */ = {isa = PBXFileReference; fileEncoding = 4; lastKnownFileType = sourcecode.cpp.cpp; path = TCPServer.cpp; sourceTree = "<group>"; };
		1FE3E9252189A5FB00A2F52D /* Conv.cpp */ = {isa = PBXFileReference; fileEncoding = 4; lastKnownFileType = sourcecode.cpp.cpp; path = Conv.cpp; sourceTree = "<group>"; };
		1FE3E9262189A5FB00A2F52D /* DataBuffer.hpp */ = {isa = PBXFileReference; fileEncoding = 4; lastKnownFileType = sourcecode.cpp.h; path = DataBuffer.hpp; sourceTree = "<group>"; };
		1FE3E9272189A5FB00A2F52D /* TCPSession.cpp */ = {isa = PBXFileReference; fileEncoding = 4; lastKnownFileType = sourcecode.cpp.cpp; path = TCPSession.cpp; sourceTree = "<group>"; };
		1FE3E9282189A5FB00A2F52D /* TCPSessionFactory.h */ = {isa = PBXFileReference; fileEncoding = 4; lastKnownFileType = sourcecode.c.h; path = TCPSessionFactory.h; sourceTree = "<group>"; };
		1FE3E9292189A5FB00A2F52D /* TCPAcceptor.cpp */ = {isa = PBXFileReference; fileEncoding = 4; lastKnownFileType = sourcecode.cpp.cpp; path = TCPAcceptor.cpp; sourceTree = "<group>"; };
		1FE3E92A2189A5FB00A2F52D /* TCPClient.hpp */ = {isa = PBXFileReference; fileEncoding = 4; lastKnownFileType = sourcecode.cpp.h; path = TCPClient.hpp; sourceTree = "<group>"; };
		1FE3E92B2189A5FB00A2F52D /* Thread.hpp */ = {isa = PBXFileReference; fileEncoding = 4; lastKnownFileType = sourcecode.cpp.h; path = Thread.hpp; sourceTree = "<group>"; };
		1FE3E92C2189A5FB00A2F52D /* DataHandler.cpp */ = {isa = PBXFileReference; fileEncoding = 4; lastKnownFileType = sourcecode.cpp.cpp; path = DataHandler.cpp; sourceTree = "<group>"; };
		1FE3E92E2189A5FB00A2F52D /* TCPSessionManager.cpp */ = {isa = PBXFileReference; fileEncoding = 4; lastKnownFileType = sourcecode.cpp.cpp; path = TCPSessionManager.cpp; sourceTree = "<group>"; };
		1FE3E9302189A5FB00A2F52D /* Timestamp.hpp */ = {isa = PBXFileReference; fileEncoding = 4; lastKnownFileType = sourcecode.cpp.h; path = Timestamp.hpp; sourceTree = "<group>"; };
		1FE3E9312189A5FB00A2F52D /* Logging.cpp */ = {isa = PBXFileReference; fileEncoding = 4; lastKnownFileType = sourcecode.cpp.cpp; path = Logging.cpp; sourceTree = "<group>"; };
		1FE3E9322189A5FB00A2F52D /* Timestamp.cpp */ = {isa = PBXFileReference; fileEncoding = 4; lastKnownFileType = sourcecode.cpp.cpp; path = Timestamp.cpp; sourceTree = "<group>"; };
		1FE3E9332189A5FB00A2F52D /* Logging.hpp */ = {isa = PBXFileReference; fileEncoding = 4; lastKnownFileType = sourcecode.cpp.h; path = Logging.hpp; sourceTree = "<group>"; };
		1FE3E9342189A5FB00A2F52D /* TCPConnector.cpp */ = {isa = PBXFileReference; fileEncoding = 4; lastKnownFileType = sourcecode.cpp.cpp; path = TCPConnector.cpp; sourceTree = "<group>"; };
		1FE3E9362189A5FB00A2F52D /* NetBase.h */ = {isa = PBXFileReference; fileEncoding = 4; lastKnownFileType = sourcecode.c.h; path = NetBase.h; sourceTree = "<group>"; };
		1FE3E9372189A5FB00A2F52D /* FASIOType.h */ = {isa = PBXFileReference; fileEncoding = 4; lastKnownFileType = sourcecode.c.h; path = FASIOType.h; sourceTree = "<group>"; };
		1FE3E9382189A5FB00A2F52D /* FASIOType.cpp */ = {isa = PBXFileReference; fileEncoding = 4; lastKnownFileType = sourcecode.cpp.cpp; path = FASIOType.cpp; sourceTree = "<group>"; };
		1FE3E94B2189A65800A2F52D /* CSSessionManager.cpp */ = {isa = PBXFileReference; lastKnownFileType = sourcecode.cpp.cpp; path = CSSessionManager.cpp; sourceTree = "<group>"; };
		1FE3E94C2189A65800A2F52D /* CSSessionManager.hpp */ = {isa = PBXFileReference; lastKnownFileType = sourcecode.cpp.h; path = CSSessionManager.hpp; sourceTree = "<group>"; };
		1FE3EA1A218AE85800A2F52D /* GateSession.cpp */ = {isa = PBXFileReference; lastKnownFileType = sourcecode.cpp.cpp; path = GateSession.cpp; sourceTree = "<group>"; };
		1FE3EA1B218AE85800A2F52D /* GateSession.hpp */ = {isa = PBXFileReference; lastKnownFileType = sourcecode.cpp.h; path = GateSession.hpp; sourceTree = "<group>"; };
		1FE3EA1D218AE86300A2F52D /* MatchSession.cpp */ = {isa = PBXFileReference; lastKnownFileType = sourcecode.cpp.cpp; path = MatchSession.cpp; sourceTree = "<group>"; };
		1FE3EA1E218AE86300A2F52D /* MatchSession.hpp */ = {isa = PBXFileReference; lastKnownFileType = sourcecode.cpp.h; path = MatchSession.hpp; sourceTree = "<group>"; };
		1FE3EA20218AE86E00A2F52D /* LoginSession.cpp */ = {isa = PBXFileReference; lastKnownFileType = sourcecode.cpp.cpp; path = LoginSession.cpp; sourceTree = "<group>"; };
		1FE3EA21218AE86E00A2F52D /* LoginSession.hpp */ = {isa = PBXFileReference; lastKnownFileType = sourcecode.cpp.h; path = LoginSession.hpp; sourceTree = "<group>"; };
		1FF0854B219D0BA300A05710 /* CSMatchLoadedEvaluation.cpp */ = {isa = PBXFileReference; lastKnownFileType = sourcecode.cpp.cpp; path = CSMatchLoadedEvaluation.cpp; sourceTree = "<group>"; };
		1FF0854C219D0BA300A05710 /* CSMatchLoadedEvaluation.hpp */ = {isa = PBXFileReference; lastKnownFileType = sourcecode.cpp.h; path = CSMatchLoadedEvaluation.hpp; sourceTree = "<group>"; };
		1FF08553219D190B00A05710 /* ConvFunctional.cpp */ = {isa = PBXFileReference; fileEncoding = 4; lastKnownFileType = sourcecode.cpp.cpp; path = ConvFunctional.cpp; sourceTree = "<group>"; };
		1FF08554219D190B00A05710 /* ConvFunctional.hpp */ = {isa = PBXFileReference; fileEncoding = 4; lastKnownFileType = sourcecode.cpp.h; path = ConvFunctional.hpp; sourceTree = "<group>"; };
/* End PBXFileReference section */

/* Begin PBXFrameworksBuildPhase section */
		1FE3E8FD2189A5B500A2F52D /* Frameworks */ = {
			isa = PBXFrameworksBuildPhase;
			buildActionMask = 2147483647;
			files = (
				1F95CE68218BFC780057618A /* libprotobuf.a in Frameworks */,
			);
			runOnlyForDeploymentPostprocessing = 0;
		};
/* End PBXFrameworksBuildPhase section */

/* Begin PBXGroup section */
		1F246360219407EF009A67AC /* Net */ = {
			isa = PBXGroup;
			children = (
				1F246361219407EF009A67AC /* CPGNetSession.cpp */,
				1F246362219407EF009A67AC /* CPGNetSession.hpp */,
			);
			path = Net;
			sourceTree = "<group>";
		};
		1F24638E21992E91009A67AC /* Class */ = {
			isa = PBXGroup;
			children = (
				1F24639121993114009A67AC /* MatchManager */,
				1F24639021993047009A67AC /* Net */,
			);
			path = Class;
			sourceTree = "<group>";
		};
		1F24639021993047009A67AC /* Net */ = {
			isa = PBXGroup;
			children = (
				1FE3E94B2189A65800A2F52D /* CSSessionManager.cpp */,
				1FE3E94C2189A65800A2F52D /* CSSessionManager.hpp */,
				1F95CE9B218C3C6C0057618A /* CSKernel.cpp */,
				1F95CE9C218C3C6C0057618A /* CSKernel.hpp */,
				1FE3EA1A218AE85800A2F52D /* GateSession.cpp */,
				1FE3EA1B218AE85800A2F52D /* GateSession.hpp */,
				1FE3EA1D218AE86300A2F52D /* MatchSession.cpp */,
				1FE3EA1E218AE86300A2F52D /* MatchSession.hpp */,
				1FE3EA20218AE86E00A2F52D /* LoginSession.cpp */,
				1FE3EA21218AE86E00A2F52D /* LoginSession.hpp */,
				1F95CF1A219137FE0057618A /* BalanceSession.cpp */,
				1F95CF1B219137FE0057618A /* BalanceSession.hpp */,
			);
			path = Net;
			sourceTree = "<group>";
		};
		1F24639121993114009A67AC /* MatchManager */ = {
			isa = PBXGroup;
			children = (
				1F95CE9E218C3F520057618A /* CSMatchManager.cpp */,
				1F95CE9F218C3F520057618A /* CSMatchManager.hpp */,
				1F2463BA219AB46F009A67AC /* CSMatchDistribution.cpp */,
				1F2463BB219AB46F009A67AC /* CSMatchDistribution.hpp */,
				1F24639B21995146009A67AC /* cpg_match_create_factory.cpp */,
				1F24639A21995146009A67AC /* cpg_match_create_factory.h */,
				1F24639F2199527E009A67AC /* cpg_json_struct_helper.cpp */,
				1F2463A02199527F009A67AC /* cpg_json_struct_helper.h */,
				1F2463BD219AB51A009A67AC /* CSMatchDistDefine.h */,
				1FF0854B219D0BA300A05710 /* CSMatchLoadedEvaluation.cpp */,
				1FF0854C219D0BA300A05710 /* CSMatchLoadedEvaluation.hpp */,
			);
			path = MatchManager;
			sourceTree = "<group>";
		};
		1F24639721995135009A67AC /* Third */ = {
			isa = PBXGroup;
			children = (
				1F24639821995135009A67AC /* json */,
			);
			path = Third;
			sourceTree = "<group>";
		};
		1F24639821995135009A67AC /* json */ = {
			isa = PBXGroup;
			children = (
				1F24639921995135009A67AC /* json.hpp */,
			);
			path = json;
			sourceTree = "<group>";
		};
		1F95CE66218BFC780057618A /* Frameworks */ = {
			isa = PBXGroup;
			children = (
				1F95CE67218BFC780057618A /* libprotobuf.a */,
			);
			name = Frameworks;
			sourceTree = "<group>";
		};
		1F95CE93218BFD450057618A /* CPG */ = {
			isa = PBXGroup;
			children = (
				1FF08552219D190B00A05710 /* Util */,
				1F24639721995135009A67AC /* Third */,
				1F246360219407EF009A67AC /* Net */,
				1F95CE94218BFD450057618A /* CPGToCentral.proto */,
				1F95CE95218BFD450057618A /* ng */,
				1F95CE96218BFD450057618A /* CPGHeader.h */,
				1F95CE97218BFD450057618A /* CPGToCentral.pb.h */,
				1F95CE98218BFD450057618A /* CPGToCentral.pb.cc */,
				1F95CE99218BFD450057618A /* CPGServerDefine.h */,
				1F95CF1D219177550057618A /* CPGClient.pb.cc */,
				1F95CF1E219177550057618A /* CPGClient.pb.h */,
				1F246393219950A0009A67AC /* cpg_match_struct_define.h */,
				1F24639E2199522D009A67AC /* GameDefine.h */,
				1F2463A621995329009A67AC /* BetAlgorithm.cc */,
				1F2463A521995329009A67AC /* BetAlgorithm.h */,
			);
			name = CPG;
			path = ../../ASIO_ALONE_STUDY/CPG;
			sourceTree = "<group>";
		};
		1FE3E8F72189A5B500A2F52D = {
			isa = PBXGroup;
			children = (
				1FE3E9022189A5B500A2F52D /* CentralServer */,
				1FE3E9012189A5B500A2F52D /* Products */,
				1F95CE66218BFC780057618A /* Frameworks */,
			);
			sourceTree = "<group>";
		};
		1FE3E9012189A5B500A2F52D /* Products */ = {
			isa = PBXGroup;
			children = (
				1FE3E9002189A5B500A2F52D /* CentralServer */,
			);
			name = Products;
			sourceTree = "<group>";
		};
		1FE3E9022189A5B500A2F52D /* CentralServer */ = {
			isa = PBXGroup;
			children = (
				1F24638E21992E91009A67AC /* Class */,
				1F95CE93218BFD450057618A /* CPG */,
				1FE3E90A2189A5FB00A2F52D /* Net */,
				1FE3E9032189A5B500A2F52D /* main.cpp */,
			);
			path = CentralServer;
			sourceTree = "<group>";
		};
		1FE3E90A2189A5FB00A2F52D /* Net */ = {
			isa = PBXGroup;
			children = (
				1F2463AE219978E8009A67AC /* TimerManager.cpp */,
				1F2463AF219978E8009A67AC /* TimerManager.hpp */,
				1F2463392193F03F009A67AC /* ServiceKernel.cpp */,
				1F24633A2193F03F009A67AC /* ServiceKernel.hpp */,
				1FE3E90B2189A5FB00A2F52D /* Thread.cpp */,
				1FE3E90C2189A5FB00A2F52D /* DataHandler.hpp */,
				1FE3E90E2189A5FB00A2F52D /* NetSessionManager.hpp */,
				1FE3E90F2189A5FB00A2F52D /* TCPConnector.hpp */,
				1FE3E9102189A5FB00A2F52D /* TCPSessionManager.hpp */,
				1FE3E9112189A5FB00A2F52D /* Header.h */,
				1FE3E9122189A5FB00A2F52D /* Util */,
				1FE3E9172189A5FB00A2F52D /* Callbacks.h */,
				1FE3E9182189A5FB00A2F52D /* TCPListener.cpp */,
				1FE3E9192189A5FB00A2F52D /* Queue.hpp */,
				1FE3E91A2189A5FB00A2F52D /* NetBase.hpp */,
				1FE3E91B2189A5FB00A2F52D /* TCPServer.hpp */,
				1FE3E91C2189A5FB00A2F52D /* TCPListener.h */,
				1FE3E91D2189A5FB00A2F52D /* Conv.hpp */,
				1FE3E91E2189A5FB00A2F52D /* DataBuffer.cpp */,
				1FE3E91F2189A5FB00A2F52D /* TCPAcceptor.hpp */,
				1FE3E9202189A5FB00A2F52D /* TCPSession.hpp */,
				1FE3E9212189A5FB00A2F52D /* TCPClient.cpp */,
				1FE3E9222189A5FB00A2F52D /* noncopyable.h */,
				1FE3E9232189A5FB00A2F52D /* Queue.cpp */,
				1FE3E9242189A5FB00A2F52D /* TCPServer.cpp */,
				1FE3E9252189A5FB00A2F52D /* Conv.cpp */,
				1FE3E9262189A5FB00A2F52D /* DataBuffer.hpp */,
				1FE3E9272189A5FB00A2F52D /* TCPSession.cpp */,
				1FE3E9282189A5FB00A2F52D /* TCPSessionFactory.h */,
				1FE3E9292189A5FB00A2F52D /* TCPAcceptor.cpp */,
				1FE3E92A2189A5FB00A2F52D /* TCPClient.hpp */,
				1FE3E92B2189A5FB00A2F52D /* Thread.hpp */,
				1FE3E92C2189A5FB00A2F52D /* DataHandler.cpp */,
				1FE3E92E2189A5FB00A2F52D /* TCPSessionManager.cpp */,
				1FE3E92F2189A5FB00A2F52D /* logging */,
				1FE3E9342189A5FB00A2F52D /* TCPConnector.cpp */,
				1FE3E9352189A5FB00A2F52D /* base */,
			);
			name = Net;
			path = ../../ASIO_ALONE_STUDY/Net;
			sourceTree = "<group>";
		};
		1FE3E9122189A5FB00A2F52D /* Util */ = {
			isa = PBXGroup;
			children = (
				1FE3E9132189A5FB00A2F52D /* ParseProto.hpp */,
				1FE3E9142189A5FB00A2F52D /* NetPacket.cpp */,
				1FE3E9152189A5FB00A2F52D /* NetPacket.hpp */,
				1FE3E9162189A5FB00A2F52D /* ParseProto.cpp */,
			);
			path = Util;
			sourceTree = "<group>";
		};
		1FE3E92F2189A5FB00A2F52D /* logging */ = {
			isa = PBXGroup;
			children = (
				1FE3E9302189A5FB00A2F52D /* Timestamp.hpp */,
				1FE3E9312189A5FB00A2F52D /* Logging.cpp */,
				1FE3E9322189A5FB00A2F52D /* Timestamp.cpp */,
				1FE3E9332189A5FB00A2F52D /* Logging.hpp */,
			);
			path = logging;
			sourceTree = "<group>";
		};
		1FE3E9352189A5FB00A2F52D /* base */ = {
			isa = PBXGroup;
			children = (
				1FE3E9362189A5FB00A2F52D /* NetBase.h */,
				1FE3E9372189A5FB00A2F52D /* FASIOType.h */,
				1FE3E9382189A5FB00A2F52D /* FASIOType.cpp */,
			);
			path = base;
			sourceTree = "<group>";
		};
		1FF08552219D190B00A05710 /* Util */ = {
			isa = PBXGroup;
			children = (
				1FF08553219D190B00A05710 /* ConvFunctional.cpp */,
				1FF08554219D190B00A05710 /* ConvFunctional.hpp */,
			);
			path = Util;
			sourceTree = "<group>";
		};
/* End PBXGroup section */

/* Begin PBXNativeTarget section */
		1FE3E8FF2189A5B500A2F52D /* CentralServer */ = {
			isa = PBXNativeTarget;
			buildConfigurationList = 1FE3E9072189A5B500A2F52D /* Build configuration list for PBXNativeTarget "CentralServer" */;
			buildPhases = (
				1FE3E8FC2189A5B500A2F52D /* Sources */,
				1FE3E8FD2189A5B500A2F52D /* Frameworks */,
				1FE3E8FE2189A5B500A2F52D /* CopyFiles */,
			);
			buildRules = (
			);
			dependencies = (
			);
			name = CentralServer;
			productName = CentralServer;
			productReference = 1FE3E9002189A5B500A2F52D /* CentralServer */;
			productType = "com.apple.product-type.tool";
		};
/* End PBXNativeTarget section */

/* Begin PBXProject section */
		1FE3E8F82189A5B500A2F52D /* Project object */ = {
			isa = PBXProject;
			attributes = {
				LastUpgradeCheck = 0940;
				ORGANIZATIONNAME = fgr;
				TargetAttributes = {
					1FE3E8FF2189A5B500A2F52D = {
						CreatedOnToolsVersion = 9.4;
					};
				};
			};
			buildConfigurationList = 1FE3E8FB2189A5B500A2F52D /* Build configuration list for PBXProject "CentralServer" */;
			compatibilityVersion = "Xcode 9.3";
			developmentRegion = en;
			hasScannedForEncodings = 0;
			knownRegions = (
				en,
			);
			mainGroup = 1FE3E8F72189A5B500A2F52D;
			productRefGroup = 1FE3E9012189A5B500A2F52D /* Products */;
			projectDirPath = "";
			projectRoot = "";
			targets = (
				1FE3E8FF2189A5B500A2F52D /* CentralServer */,
			);
		};
/* End PBXProject section */

/* Begin PBXSourcesBuildPhase section */
		1FE3E8FC2189A5B500A2F52D /* Sources */ = {
			isa = PBXSourcesBuildPhase;
			buildActionMask = 2147483647;
			files = (
				1F24639C21995146009A67AC /* cpg_match_create_factory.cpp in Sources */,
				1F2463A12199527F009A67AC /* cpg_json_struct_helper.cpp in Sources */,
				1FE3E94A2189A5FB00A2F52D /* FASIOType.cpp in Sources */,
				1FE3EA22218AE86E00A2F52D /* LoginSession.cpp in Sources */,
				1FE3E93C2189A5FB00A2F52D /* ParseProto.cpp in Sources */,
				1F2463BC219AB46F009A67AC /* CSMatchDistribution.cpp in Sources */,
				1FE3E9482189A5FB00A2F52D /* Timestamp.cpp in Sources */,
				1FE3E9412189A5FB00A2F52D /* TCPServer.cpp in Sources */,
				1FE3E9472189A5FB00A2F52D /* Logging.cpp in Sources */,
				1F2463B0219978E9009A67AC /* TimerManager.cpp in Sources */,
				1F246363219407EF009A67AC /* CPGNetSession.cpp in Sources */,
				1F95CEA0218C3F520057618A /* CSMatchManager.cpp in Sources */,
				1FE3E93B2189A5FB00A2F52D /* NetPacket.cpp in Sources */,
				1FE3E9402189A5FB00A2F52D /* Queue.cpp in Sources */,
				1FE3E9462189A5FB00A2F52D /* TCPSessionManager.cpp in Sources */,
				1FE3E93D2189A5FB00A2F52D /* TCPListener.cpp in Sources */,
				1F95CE9D218C3C6C0057618A /* CSKernel.cpp in Sources */,
				1F95CF1C219137FE0057618A /* BalanceSession.cpp in Sources */,
				1FE3E9432189A5FB00A2F52D /* TCPSession.cpp in Sources */,
				1FE3E93F2189A5FB00A2F52D /* TCPClient.cpp in Sources */,
				1FE3E9422189A5FB00A2F52D /* Conv.cpp in Sources */,
				1FE3E93E2189A5FB00A2F52D /* DataBuffer.cpp in Sources */,
				1FE3E94D2189A65800A2F52D /* CSSessionManager.cpp in Sources */,
				1FE3E9492189A5FB00A2F52D /* TCPConnector.cpp in Sources */,
				1FF08555219D190B00A05710 /* ConvFunctional.cpp in Sources */,
				1FE3EA1C218AE85800A2F52D /* GateSession.cpp in Sources */,
				1FE3E9452189A5FB00A2F52D /* DataHandler.cpp in Sources */,
				1FE3E9042189A5B500A2F52D /* main.cpp in Sources */,
				1FF0854D219D0BA300A05710 /* CSMatchLoadedEvaluation.cpp in Sources */,
				1F95CE9A218BFD450057618A /* CPGToCentral.pb.cc in Sources */,
				1F95CF1F219177550057618A /* CPGClient.pb.cc in Sources */,
				1FE3E9392189A5FB00A2F52D /* Thread.cpp in Sources */,
				1F2463A721995329009A67AC /* BetAlgorithm.cc in Sources */,
				1FE3EA1F218AE86300A2F52D /* MatchSession.cpp in Sources */,
				1F24633C2193F03F009A67AC /* ServiceKernel.cpp in Sources */,
				1FE3E9442189A5FB00A2F52D /* TCPAcceptor.cpp in Sources */,
			);
			runOnlyForDeploymentPostprocessing = 0;
		};
/* End PBXSourcesBuildPhase section */

/* Begin XCBuildConfiguration section */
		1FE3E9052189A5B500A2F52D /* Debug */ = {
			isa = XCBuildConfiguration;
			buildSettings = {
				ALWAYS_SEARCH_USER_PATHS = NO;
				CLANG_ANALYZER_NONNULL = YES;
				CLANG_ANALYZER_NUMBER_OBJECT_CONVERSION = YES_AGGRESSIVE;
				CLANG_CXX_LANGUAGE_STANDARD = "gnu++14";
				CLANG_CXX_LIBRARY = "libc++";
				CLANG_ENABLE_MODULES = YES;
				CLANG_ENABLE_OBJC_ARC = YES;
				CLANG_ENABLE_OBJC_WEAK = YES;
				CLANG_WARN_BLOCK_CAPTURE_AUTORELEASING = YES;
				CLANG_WARN_BOOL_CONVERSION = YES;
				CLANG_WARN_COMMA = YES;
				CLANG_WARN_CONSTANT_CONVERSION = YES;
				CLANG_WARN_DEPRECATED_OBJC_IMPLEMENTATIONS = YES;
				CLANG_WARN_DIRECT_OBJC_ISA_USAGE = YES_ERROR;
				CLANG_WARN_DOCUMENTATION_COMMENTS = YES;
				CLANG_WARN_EMPTY_BODY = YES;
				CLANG_WARN_ENUM_CONVERSION = YES;
				CLANG_WARN_INFINITE_RECURSION = YES;
				CLANG_WARN_INT_CONVERSION = YES;
				CLANG_WARN_NON_LITERAL_NULL_CONVERSION = YES;
				CLANG_WARN_OBJC_IMPLICIT_RETAIN_SELF = YES;
				CLANG_WARN_OBJC_LITERAL_CONVERSION = YES;
				CLANG_WARN_OBJC_ROOT_CLASS = YES_ERROR;
				CLANG_WARN_RANGE_LOOP_ANALYSIS = YES;
				CLANG_WARN_STRICT_PROTOTYPES = YES;
				CLANG_WARN_SUSPICIOUS_MOVE = YES;
				CLANG_WARN_UNGUARDED_AVAILABILITY = YES_AGGRESSIVE;
				CLANG_WARN_UNREACHABLE_CODE = YES;
				CLANG_WARN__DUPLICATE_METHOD_MATCH = YES;
				CODE_SIGN_IDENTITY = "-";
				COPY_PHASE_STRIP = NO;
				DEBUG_INFORMATION_FORMAT = dwarf;
				ENABLE_STRICT_OBJC_MSGSEND = YES;
				ENABLE_TESTABILITY = YES;
				GCC_C_LANGUAGE_STANDARD = gnu11;
				GCC_DYNAMIC_NO_PIC = NO;
				GCC_NO_COMMON_BLOCKS = YES;
				GCC_OPTIMIZATION_LEVEL = 0;
				GCC_PREPROCESSOR_DEFINITIONS = (
					"DEBUG=1",
					"$(inherited)",
				);
				GCC_WARN_64_TO_32_BIT_CONVERSION = YES;
				GCC_WARN_ABOUT_RETURN_TYPE = YES_ERROR;
				GCC_WARN_UNDECLARED_SELECTOR = YES;
				GCC_WARN_UNINITIALIZED_AUTOS = YES_AGGRESSIVE;
				GCC_WARN_UNUSED_FUNCTION = YES;
				GCC_WARN_UNUSED_VARIABLE = YES;
				MACOSX_DEPLOYMENT_TARGET = 10.13;
				MTL_ENABLE_DEBUG_INFO = YES;
				ONLY_ACTIVE_ARCH = YES;
				SDKROOT = macosx;
			};
			name = Debug;
		};
		1FE3E9062189A5B500A2F52D /* Release */ = {
			isa = XCBuildConfiguration;
			buildSettings = {
				ALWAYS_SEARCH_USER_PATHS = NO;
				CLANG_ANALYZER_NONNULL = YES;
				CLANG_ANALYZER_NUMBER_OBJECT_CONVERSION = YES_AGGRESSIVE;
				CLANG_CXX_LANGUAGE_STANDARD = "gnu++14";
				CLANG_CXX_LIBRARY = "libc++";
				CLANG_ENABLE_MODULES = YES;
				CLANG_ENABLE_OBJC_ARC = YES;
				CLANG_ENABLE_OBJC_WEAK = YES;
				CLANG_WARN_BLOCK_CAPTURE_AUTORELEASING = YES;
				CLANG_WARN_BOOL_CONVERSION = YES;
				CLANG_WARN_COMMA = YES;
				CLANG_WARN_CONSTANT_CONVERSION = YES;
				CLANG_WARN_DEPRECATED_OBJC_IMPLEMENTATIONS = YES;
				CLANG_WARN_DIRECT_OBJC_ISA_USAGE = YES_ERROR;
				CLANG_WARN_DOCUMENTATION_COMMENTS = YES;
				CLANG_WARN_EMPTY_BODY = YES;
				CLANG_WARN_ENUM_CONVERSION = YES;
				CLANG_WARN_INFINITE_RECURSION = YES;
				CLANG_WARN_INT_CONVERSION = YES;
				CLANG_WARN_NON_LITERAL_NULL_CONVERSION = YES;
				CLANG_WARN_OBJC_IMPLICIT_RETAIN_SELF = YES;
				CLANG_WARN_OBJC_LITERAL_CONVERSION = YES;
				CLANG_WARN_OBJC_ROOT_CLASS = YES_ERROR;
				CLANG_WARN_RANGE_LOOP_ANALYSIS = YES;
				CLANG_WARN_STRICT_PROTOTYPES = YES;
				CLANG_WARN_SUSPICIOUS_MOVE = YES;
				CLANG_WARN_UNGUARDED_AVAILABILITY = YES_AGGRESSIVE;
				CLANG_WARN_UNREACHABLE_CODE = YES;
				CLANG_WARN__DUPLICATE_METHOD_MATCH = YES;
				CODE_SIGN_IDENTITY = "-";
				COPY_PHASE_STRIP = NO;
				DEBUG_INFORMATION_FORMAT = "dwarf-with-dsym";
				ENABLE_NS_ASSERTIONS = NO;
				ENABLE_STRICT_OBJC_MSGSEND = YES;
				GCC_C_LANGUAGE_STANDARD = gnu11;
				GCC_NO_COMMON_BLOCKS = YES;
				GCC_WARN_64_TO_32_BIT_CONVERSION = YES;
				GCC_WARN_ABOUT_RETURN_TYPE = YES_ERROR;
				GCC_WARN_UNDECLARED_SELECTOR = YES;
				GCC_WARN_UNINITIALIZED_AUTOS = YES_AGGRESSIVE;
				GCC_WARN_UNUSED_FUNCTION = YES;
				GCC_WARN_UNUSED_VARIABLE = YES;
				MACOSX_DEPLOYMENT_TARGET = 10.13;
				MTL_ENABLE_DEBUG_INFO = NO;
				SDKROOT = macosx;
			};
			name = Release;
		};
		1FE3E9082189A5B500A2F52D /* Debug */ = {
			isa = XCBuildConfiguration;
			buildSettings = {
				CODE_SIGN_STYLE = Automatic;
				HEADER_SEARCH_PATHS = (
					../ASIO_ALONE_STUDY,
					/usr/local/include,
				);
				LIBRARY_SEARCH_PATHS = /usr/local/lib;
				OTHER_LDFLAGS = (
					"-l",
					boost_system,
				);
				PRODUCT_NAME = "$(TARGET_NAME)";
			};
			name = Debug;
		};
		1FE3E9092189A5B500A2F52D /* Release */ = {
			isa = XCBuildConfiguration;
			buildSettings = {
				CODE_SIGN_STYLE = Automatic;
				HEADER_SEARCH_PATHS = (
					../ASIO_ALONE_STUDY,
					/usr/local/include,
				);
				LIBRARY_SEARCH_PATHS = /usr/local/lib;
				OTHER_LDFLAGS = (
					"-l",
					boost_system,
				);
				PRODUCT_NAME = "$(TARGET_NAME)";
			};
			name = Release;
		};
/* End XCBuildConfiguration section */

/* Begin XCConfigurationList section */
		1FE3E8FB2189A5B500A2F52D /* Build configuration list for PBXProject "CentralServer" */ = {
			isa = XCConfigurationList;
			buildConfigurations = (
				1FE3E9052189A5B500A2F52D /* Debug */,
				1FE3E9062189A5B500A2F52D /* Release */,
			);
			defaultConfigurationIsVisible = 0;
			defaultConfigurationName = Release;
		};
		1FE3E9072189A5B500A2F52D /* Build configuration list for PBXNativeTarget "CentralServer" */ = {
			isa = XCConfigurationList;
			buildConfigurations = (
				1FE3E9082189A5B500A2F52D /* Debug */,
				1FE3E9092189A5B500A2F52D /* Release */,
			);
			defaultConfigurationIsVisible = 0;
			defaultConfigurationName = Release;
		};
/* End XCConfigurationList section */
	};
	rootObject = 1FE3E8F82189A5B500A2F52D /* Project object */;
}
